// !$*UTF8*$!
{
	archiveVersion = 1;
	classes = {
	};
	objectVersion = 46;
	objects = {

/* Begin PBXBuildFile section */
		42309F921D62AA0F005F79BD /* CustomAFHTTPSessionManager.swift in Sources */ = {isa = PBXBuildFile; fileRef = 42309F911D62AA0F005F79BD /* CustomAFHTTPSessionManager.swift */; };
		42309FDA1D62EF61005F79BD /* UIBarButtonItem+Category.swift in Sources */ = {isa = PBXBuildFile; fileRef = 42309FD91D62EF61005F79BD /* UIBarButtonItem+Category.swift */; };
		4246FCC21D5B1F4200CB9199 /* AppDelegate.swift in Sources */ = {isa = PBXBuildFile; fileRef = 4246FCC11D5B1F4200CB9199 /* AppDelegate.swift */; };
		4246FCC91D5B1F4200CB9199 /* Assets.xcassets in Resources */ = {isa = PBXBuildFile; fileRef = 4246FCC81D5B1F4200CB9199 /* Assets.xcassets */; };
		4246FCD71D5B1F4200CB9199 /* MedicalHelperTests.swift in Sources */ = {isa = PBXBuildFile; fileRef = 4246FCD61D5B1F4200CB9199 /* MedicalHelperTests.swift */; };
		4246FCE21D5B1F4200CB9199 /* MedicalHelperUITests.swift in Sources */ = {isa = PBXBuildFile; fileRef = 4246FCE11D5B1F4200CB9199 /* MedicalHelperUITests.swift */; };
		4246FCF71D5B259800CB9199 /* MainTabBarController.swift in Sources */ = {isa = PBXBuildFile; fileRef = 4246FCF61D5B259800CB9199 /* MainTabBarController.swift */; };
		4246FCF91D5B25AE00CB9199 /* MainNavigationController.swift in Sources */ = {isa = PBXBuildFile; fileRef = 4246FCF81D5B25AE00CB9199 /* MainNavigationController.swift */; };
		4246FCFB1D5B261E00CB9199 /* Common.swift in Sources */ = {isa = PBXBuildFile; fileRef = 4246FCFA1D5B261E00CB9199 /* Common.swift */; };
		4246FCFD1D5B27CE00CB9199 /* NewVersionTool.swift in Sources */ = {isa = PBXBuildFile; fileRef = 4246FCFC1D5B27CE00CB9199 /* NewVersionTool.swift */; };
		4246FD041D5B2A9A00CB9199 /* NewVersionViewController.swift in Sources */ = {isa = PBXBuildFile; fileRef = 4246FD021D5B2A9A00CB9199 /* NewVersionViewController.swift */; };
		4246FD051D5B2A9A00CB9199 /* NewVersionViewController.xib in Resources */ = {isa = PBXBuildFile; fileRef = 4246FD031D5B2A9A00CB9199 /* NewVersionViewController.xib */; };
		424C7B3D1D5C00EF00ED62CB /* OrderViewController.swift in Sources */ = {isa = PBXBuildFile; fileRef = 424C7B3B1D5C00EF00ED62CB /* OrderViewController.swift */; };
		424C7B3E1D5C00EF00ED62CB /* OrderViewController.xib in Resources */ = {isa = PBXBuildFile; fileRef = 424C7B3C1D5C00EF00ED62CB /* OrderViewController.xib */; };
		424C7B401D5C028500ED62CB /* UIColor+Category.swift in Sources */ = {isa = PBXBuildFile; fileRef = 424C7B3F1D5C028500ED62CB /* UIColor+Category.swift */; };
		424C7B421D5C0FB100ED62CB /* BaseViewController.swift in Sources */ = {isa = PBXBuildFile; fileRef = 424C7B411D5C0FB100ED62CB /* BaseViewController.swift */; };
		42588B031D7D07A100C21ADB /* RankViewController.swift in Sources */ = {isa = PBXBuildFile; fileRef = 42588AF41D7D07A100C21ADB /* RankViewController.swift */; };
		42588B041D7D07A100C21ADB /* RankViewController.xib in Resources */ = {isa = PBXBuildFile; fileRef = 42588AF51D7D07A100C21ADB /* RankViewController.xib */; };
		42588B071D7D07A100C21ADB /* HospitalDoctorListModel.swift in Sources */ = {isa = PBXBuildFile; fileRef = 42588AFB1D7D07A100C21ADB /* HospitalDoctorListModel.swift */; };
		42588B081D7D07A100C21ADB /* RandResultModel.swift in Sources */ = {isa = PBXBuildFile; fileRef = 42588AFE1D7D07A100C21ADB /* RandResultModel.swift */; };
		42588B091D7D07A100C21ADB /* RankHttpTool.swift in Sources */ = {isa = PBXBuildFile; fileRef = 42588AFF1D7D07A100C21ADB /* RankHttpTool.swift */; };
		42588B0A1D7D07A100C21ADB /* RankTableViewCell.swift in Sources */ = {isa = PBXBuildFile; fileRef = 42588B011D7D07A100C21ADB /* RankTableViewCell.swift */; };
		42588B0B1D7D07A100C21ADB /* RankTableViewCell.xib in Resources */ = {isa = PBXBuildFile; fileRef = 42588B021D7D07A100C21ADB /* RankTableViewCell.xib */; };
		42588B0E1D7D07E200C21ADB /* HospitalDoctorListCell.swift in Sources */ = {isa = PBXBuildFile; fileRef = 42588B0C1D7D07E200C21ADB /* HospitalDoctorListCell.swift */; };
		42588B0F1D7D07E200C21ADB /* HospitalDoctorListCell.xib in Resources */ = {isa = PBXBuildFile; fileRef = 42588B0D1D7D07E200C21ADB /* HospitalDoctorListCell.xib */; };
		42588B161D7D457900C21ADB /* HospitalDoctorListViewController.swift in Sources */ = {isa = PBXBuildFile; fileRef = 42588B141D7D457900C21ADB /* HospitalDoctorListViewController.swift */; };
		42588B171D7D457900C21ADB /* HospitalDoctorListViewController.xib in Resources */ = {isa = PBXBuildFile; fileRef = 42588B151D7D457900C21ADB /* HospitalDoctorListViewController.xib */; };
		42588B1E1D7D728000C21ADB /* DoctorDetailController.swift in Sources */ = {isa = PBXBuildFile; fileRef = 42588B1C1D7D728000C21ADB /* DoctorDetailController.swift */; };
		42588B1F1D7D728000C21ADB /* DoctorDetailController.xib in Resources */ = {isa = PBXBuildFile; fileRef = 42588B1D1D7D728000C21ADB /* DoctorDetailController.xib */; };
		42588B231D7D749B00C21ADB /* DoctorDetailParam.swift in Sources */ = {isa = PBXBuildFile; fileRef = 42588B221D7D749B00C21ADB /* DoctorDetailParam.swift */; };
		42588B251D7D74E100C21ADB /* DoctorDetailModel.swift in Sources */ = {isa = PBXBuildFile; fileRef = 42588B241D7D74E100C21ADB /* DoctorDetailModel.swift */; };
		42588B281D7E483800C21ADB /* DoctorDetailFirstCell.swift in Sources */ = {isa = PBXBuildFile; fileRef = 42588B261D7E483800C21ADB /* DoctorDetailFirstCell.swift */; };
		42588B291D7E483800C21ADB /* DoctorDetailFirstCell.xib in Resources */ = {isa = PBXBuildFile; fileRef = 42588B271D7E483800C21ADB /* DoctorDetailFirstCell.xib */; };
		42588B2B1D7E50C200C21ADB /* LineImageView.swift in Sources */ = {isa = PBXBuildFile; fileRef = 42588B2A1D7E50C200C21ADB /* LineImageView.swift */; };
		42588B2D1D7E518D00C21ADB /* DividingLineView.swift in Sources */ = {isa = PBXBuildFile; fileRef = 42588B2C1D7E518D00C21ADB /* DividingLineView.swift */; };
		42588B301D7E525B00C21ADB /* DoctorDetailSecondCell.swift in Sources */ = {isa = PBXBuildFile; fileRef = 42588B2E1D7E525B00C21ADB /* DoctorDetailSecondCell.swift */; };
		42588B311D7E525B00C21ADB /* DoctorDetailSecondCell.xib in Resources */ = {isa = PBXBuildFile; fileRef = 42588B2F1D7E525B00C21ADB /* DoctorDetailSecondCell.xib */; };
		42588B331D7E5C7000C21ADB /* DoctorDetailSubModel.swift in Sources */ = {isa = PBXBuildFile; fileRef = 42588B321D7E5C7000C21ADB /* DoctorDetailSubModel.swift */; };
		42588B531D7EA34100C21ADB /* HomeViewController.swift in Sources */ = {isa = PBXBuildFile; fileRef = 42588B351D7EA34100C21ADB /* HomeViewController.swift */; };
		42588B541D7EA34100C21ADB /* HomeViewController.xib in Resources */ = {isa = PBXBuildFile; fileRef = 42588B361D7EA34100C21ADB /* HomeViewController.xib */; };
		42588B581D7EA34100C21ADB /* ExpertTalkCell.swift in Sources */ = {isa = PBXBuildFile; fileRef = 42588B3F1D7EA34100C21ADB /* ExpertTalkCell.swift */; };
		42588B591D7EA34100C21ADB /* ExpertTalkCell.xib in Resources */ = {isa = PBXBuildFile; fileRef = 42588B401D7EA34100C21ADB /* ExpertTalkCell.xib */; };
		42588B5A1D7EA34100C21ADB /* HotSectionCell.swift in Sources */ = {isa = PBXBuildFile; fileRef = 42588B421D7EA34100C21ADB /* HotSectionCell.swift */; };
		42588B5B1D7EA34100C21ADB /* HotSectionCell.xib in Resources */ = {isa = PBXBuildFile; fileRef = 42588B431D7EA34100C21ADB /* HotSectionCell.xib */; };
		42588B5C1D7EA34100C21ADB /* HotSectionCollectionCell.swift in Sources */ = {isa = PBXBuildFile; fileRef = 42588B441D7EA34100C21ADB /* HotSectionCollectionCell.swift */; };
		42588B5D1D7EA34100C21ADB /* HotSectionCollectionCell.xib in Resources */ = {isa = PBXBuildFile; fileRef = 42588B451D7EA34100C21ADB /* HotSectionCollectionCell.xib */; };
		42588B5E1D7EA34100C21ADB /* HotSectionCollectionCellModel.swift in Sources */ = {isa = PBXBuildFile; fileRef = 42588B461D7EA34100C21ADB /* HotSectionCollectionCellModel.swift */; };
		42588B5F1D7EA34100C21ADB /* HomeCarouselCell.swift in Sources */ = {isa = PBXBuildFile; fileRef = 42588B481D7EA34100C21ADB /* HomeCarouselCell.swift */; };
		42588B601D7EA34100C21ADB /* HomeCarouselCell.xib in Resources */ = {isa = PBXBuildFile; fileRef = 42588B491D7EA34100C21ADB /* HomeCarouselCell.xib */; };
		42588B611D7EA34100C21ADB /* hotDoct.plist in Resources */ = {isa = PBXBuildFile; fileRef = 42588B4B1D7EA34100C21ADB /* hotDoct.plist */; };
		42588B621D7EA34100C21ADB /* HotSectionExpertCell.swift in Sources */ = {isa = PBXBuildFile; fileRef = 42588B4C1D7EA34100C21ADB /* HotSectionExpertCell.swift */; };
		42588B631D7EA34100C21ADB /* HotSectionExpertCell.xib in Resources */ = {isa = PBXBuildFile; fileRef = 42588B4D1D7EA34100C21ADB /* HotSectionExpertCell.xib */; };
		42588B641D7EA34100C21ADB /* HotSectionExpertCollectionCell.swift in Sources */ = {isa = PBXBuildFile; fileRef = 42588B4E1D7EA34100C21ADB /* HotSectionExpertCollectionCell.swift */; };
		42588B651D7EA34100C21ADB /* HotSectionExpertCollectionCell.xib in Resources */ = {isa = PBXBuildFile; fileRef = 42588B4F1D7EA34100C21ADB /* HotSectionExpertCollectionCell.xib */; };
		42588B661D7EA34100C21ADB /* HotSectionExpertCollectionCellModel.swift in Sources */ = {isa = PBXBuildFile; fileRef = 42588B501D7EA34100C21ADB /* HotSectionExpertCollectionCellModel.swift */; };
		42588B671D7EA34100C21ADB /* HomeTableViewHeaderView.swift in Sources */ = {isa = PBXBuildFile; fileRef = 42588B521D7EA34100C21ADB /* HomeTableViewHeaderView.swift */; };
		42588B781D7EC1E700C21ADB /* String+Hash.swift in Sources */ = {isa = PBXBuildFile; fileRef = 42588B771D7EC1E700C21ADB /* String+Hash.swift */; };
		42588B801D7FAB0700C21ADB /* FindExpertController.swift in Sources */ = {isa = PBXBuildFile; fileRef = 42588B7E1D7FAB0700C21ADB /* FindExpertController.swift */; };
		42588B811D7FAB0700C21ADB /* FindExpertController.xib in Resources */ = {isa = PBXBuildFile; fileRef = 42588B7F1D7FAB0700C21ADB /* FindExpertController.xib */; };
		42588B8D1D7FAB5B00C21ADB /* FindHospitalViewController.swift in Sources */ = {isa = PBXBuildFile; fileRef = 42588B841D7FAB5B00C21ADB /* FindHospitalViewController.swift */; };
		42588B8E1D7FAB5B00C21ADB /* FindHospitalViewController.xib in Resources */ = {isa = PBXBuildFile; fileRef = 42588B851D7FAB5B00C21ADB /* FindHospitalViewController.xib */; };
		42588B8F1D7FAB5B00C21ADB /* FindHospitalModel.swift in Sources */ = {isa = PBXBuildFile; fileRef = 42588B871D7FAB5B00C21ADB /* FindHospitalModel.swift */; };
		42588B901D7FAB5B00C21ADB /* FindHospitalTool.swift in Sources */ = {isa = PBXBuildFile; fileRef = 42588B891D7FAB5B00C21ADB /* FindHospitalTool.swift */; };
		42588B911D7FAB5B00C21ADB /* FindHospitalCell.swift in Sources */ = {isa = PBXBuildFile; fileRef = 42588B8B1D7FAB5B00C21ADB /* FindHospitalCell.swift */; };
		42588B921D7FAB5B00C21ADB /* FindHospitalCell.xib in Resources */ = {isa = PBXBuildFile; fileRef = 42588B8C1D7FAB5B00C21ADB /* FindHospitalCell.xib */; };
		42588B961D7FADAA00C21ADB /* FindExpertTool.swift in Sources */ = {isa = PBXBuildFile; fileRef = 42588B951D7FADA900C21ADB /* FindExpertTool.swift */; };
		425E01441D767701000A78B0 /* HttpTool.swift in Sources */ = {isa = PBXBuildFile; fileRef = 425E01431D767701000A78B0 /* HttpTool.swift */; };
		42BB864C1D77D33000F583CB /* UIImae+Color.swift in Sources */ = {isa = PBXBuildFile; fileRef = 42BB864B1D77D33000F583CB /* UIImae+Color.swift */; };
		42BB86571D79224400F583CB /* NSString+Hash.m in Sources */ = {isa = PBXBuildFile; fileRef = 42BB86561D79224400F583CB /* NSString+Hash.m */; };
		42DC39471D810B1C005B893C /* ProfileModel.swift in Sources */ = {isa = PBXBuildFile; fileRef = 42DC39461D810B1C005B893C /* ProfileModel.swift */; };
		42DC394A1D810E86005B893C /* ProfileViewControllerCell.swift in Sources */ = {isa = PBXBuildFile; fileRef = 42DC39481D810E86005B893C /* ProfileViewControllerCell.swift */; };
		42DC394B1D810E86005B893C /* ProfileViewControllerCell.xib in Resources */ = {isa = PBXBuildFile; fileRef = 42DC39491D810E86005B893C /* ProfileViewControllerCell.xib */; };
		42DC395E1D814DAC005B893C /* ProfileViewController.swift in Sources */ = {isa = PBXBuildFile; fileRef = 42DC395C1D814DAC005B893C /* ProfileViewController.swift */; };
		42DC395F1D814DAC005B893C /* ProfileViewController.xib in Resources */ = {isa = PBXBuildFile; fileRef = 42DC395D1D814DAC005B893C /* ProfileViewController.xib */; };
		42DC39641D814EA2005B893C /* RegisterHelpViewController.swift in Sources */ = {isa = PBXBuildFile; fileRef = 42DC39621D814EA2005B893C /* RegisterHelpViewController.swift */; };
		42DC39651D814EA2005B893C /* RegisterHelpViewController.xib in Resources */ = {isa = PBXBuildFile; fileRef = 42DC39631D814EA2005B893C /* RegisterHelpViewController.xib */; };
		42DC396C1D815AC5005B893C /* SearchDoctorViewController.swift in Sources */ = {isa = PBXBuildFile; fileRef = 42DC396A1D815AC5005B893C /* SearchDoctorViewController.swift */; };
		42DC396D1D815AC5005B893C /* SearchDoctorViewController.xib in Resources */ = {isa = PBXBuildFile; fileRef = 42DC396B1D815AC5005B893C /* SearchDoctorViewController.xib */; };
		42DF9C4F1D5DC4E2007550B2 /* bridge.m in Sources */ = {isa = PBXBuildFile; fileRef = 42DF9C4E1D5DC4E2007550B2 /* bridge.m */; };
		50B2243A63CBE4834EAD26CC /* Pods_MedicalHelper.framework in Frameworks */ = {isa = PBXBuildFile; fileRef = 611AB5006DCB9452D5C576D1 /* Pods_MedicalHelper.framework */; };
/* End PBXBuildFile section */

/* Begin PBXContainerItemProxy section */
		4246FCD31D5B1F4200CB9199 /* PBXContainerItemProxy */ = {
			isa = PBXContainerItemProxy;
			containerPortal = 4246FCB61D5B1F4200CB9199 /* Project object */;
			proxyType = 1;
			remoteGlobalIDString = 4246FCBD1D5B1F4200CB9199;
			remoteInfo = MedicalHelper;
		};
		4246FCDE1D5B1F4200CB9199 /* PBXContainerItemProxy */ = {
			isa = PBXContainerItemProxy;
			containerPortal = 4246FCB61D5B1F4200CB9199 /* Project object */;
			proxyType = 1;
			remoteGlobalIDString = 4246FCBD1D5B1F4200CB9199;
			remoteInfo = MedicalHelper;
		};
/* End PBXContainerItemProxy section */

/* Begin PBXFileReference section */
		42309F911D62AA0F005F79BD /* CustomAFHTTPSessionManager.swift */ = {isa = PBXFileReference; fileEncoding = 4; lastKnownFileType = sourcecode.swift; path = CustomAFHTTPSessionManager.swift; sourceTree = "<group>"; };
		42309FD91D62EF61005F79BD /* UIBarButtonItem+Category.swift */ = {isa = PBXFileReference; fileEncoding = 4; lastKnownFileType = sourcecode.swift; path = "UIBarButtonItem+Category.swift"; sourceTree = "<group>"; };
		4246FCBE1D5B1F4200CB9199 /* MedicalHelper.app */ = {isa = PBXFileReference; explicitFileType = wrapper.application; includeInIndex = 0; path = MedicalHelper.app; sourceTree = BUILT_PRODUCTS_DIR; };
		4246FCC11D5B1F4200CB9199 /* AppDelegate.swift */ = {isa = PBXFileReference; lastKnownFileType = sourcecode.swift; path = AppDelegate.swift; sourceTree = "<group>"; };
		4246FCC81D5B1F4200CB9199 /* Assets.xcassets */ = {isa = PBXFileReference; lastKnownFileType = folder.assetcatalog; path = Assets.xcassets; sourceTree = "<group>"; };
		4246FCCD1D5B1F4200CB9199 /* Info.plist */ = {isa = PBXFileReference; lastKnownFileType = text.plist.xml; path = Info.plist; sourceTree = "<group>"; };
		4246FCD21D5B1F4200CB9199 /* MedicalHelperTests.xctest */ = {isa = PBXFileReference; explicitFileType = wrapper.cfbundle; includeInIndex = 0; path = MedicalHelperTests.xctest; sourceTree = BUILT_PRODUCTS_DIR; };
		4246FCD61D5B1F4200CB9199 /* MedicalHelperTests.swift */ = {isa = PBXFileReference; lastKnownFileType = sourcecode.swift; path = MedicalHelperTests.swift; sourceTree = "<group>"; };
		4246FCD81D5B1F4200CB9199 /* Info.plist */ = {isa = PBXFileReference; lastKnownFileType = text.plist.xml; path = Info.plist; sourceTree = "<group>"; };
		4246FCDD1D5B1F4200CB9199 /* MedicalHelperUITests.xctest */ = {isa = PBXFileReference; explicitFileType = wrapper.cfbundle; includeInIndex = 0; path = MedicalHelperUITests.xctest; sourceTree = BUILT_PRODUCTS_DIR; };
		4246FCE11D5B1F4200CB9199 /* MedicalHelperUITests.swift */ = {isa = PBXFileReference; lastKnownFileType = sourcecode.swift; path = MedicalHelperUITests.swift; sourceTree = "<group>"; };
		4246FCE31D5B1F4200CB9199 /* Info.plist */ = {isa = PBXFileReference; lastKnownFileType = text.plist.xml; path = Info.plist; sourceTree = "<group>"; };
		4246FCF61D5B259800CB9199 /* MainTabBarController.swift */ = {isa = PBXFileReference; fileEncoding = 4; lastKnownFileType = sourcecode.swift; path = MainTabBarController.swift; sourceTree = "<group>"; };
		4246FCF81D5B25AE00CB9199 /* MainNavigationController.swift */ = {isa = PBXFileReference; fileEncoding = 4; lastKnownFileType = sourcecode.swift; path = MainNavigationController.swift; sourceTree = "<group>"; };
		4246FCFA1D5B261E00CB9199 /* Common.swift */ = {isa = PBXFileReference; fileEncoding = 4; lastKnownFileType = sourcecode.swift; path = Common.swift; sourceTree = "<group>"; };
		4246FCFC1D5B27CE00CB9199 /* NewVersionTool.swift */ = {isa = PBXFileReference; fileEncoding = 4; lastKnownFileType = sourcecode.swift; path = NewVersionTool.swift; sourceTree = "<group>"; };
		4246FD021D5B2A9A00CB9199 /* NewVersionViewController.swift */ = {isa = PBXFileReference; fileEncoding = 4; lastKnownFileType = sourcecode.swift; path = NewVersionViewController.swift; sourceTree = "<group>"; };
		4246FD031D5B2A9A00CB9199 /* NewVersionViewController.xib */ = {isa = PBXFileReference; fileEncoding = 4; lastKnownFileType = file.xib; path = NewVersionViewController.xib; sourceTree = "<group>"; };
		424C7B3B1D5C00EF00ED62CB /* OrderViewController.swift */ = {isa = PBXFileReference; fileEncoding = 4; lastKnownFileType = sourcecode.swift; path = OrderViewController.swift; sourceTree = "<group>"; };
		424C7B3C1D5C00EF00ED62CB /* OrderViewController.xib */ = {isa = PBXFileReference; fileEncoding = 4; lastKnownFileType = file.xib; path = OrderViewController.xib; sourceTree = "<group>"; };
		424C7B3F1D5C028500ED62CB /* UIColor+Category.swift */ = {isa = PBXFileReference; fileEncoding = 4; lastKnownFileType = sourcecode.swift; path = "UIColor+Category.swift"; sourceTree = "<group>"; };
		424C7B411D5C0FB100ED62CB /* BaseViewController.swift */ = {isa = PBXFileReference; fileEncoding = 4; lastKnownFileType = sourcecode.swift; path = BaseViewController.swift; sourceTree = "<group>"; };
		42588AF41D7D07A100C21ADB /* RankViewController.swift */ = {isa = PBXFileReference; fileEncoding = 4; lastKnownFileType = sourcecode.swift; path = RankViewController.swift; sourceTree = "<group>"; };
		42588AF51D7D07A100C21ADB /* RankViewController.xib */ = {isa = PBXFileReference; fileEncoding = 4; lastKnownFileType = file.xib; path = RankViewController.xib; sourceTree = "<group>"; };
		42588AFB1D7D07A100C21ADB /* HospitalDoctorListModel.swift */ = {isa = PBXFileReference; fileEncoding = 4; lastKnownFileType = sourcecode.swift; path = HospitalDoctorListModel.swift; sourceTree = "<group>"; };
		42588AFE1D7D07A100C21ADB /* RandResultModel.swift */ = {isa = PBXFileReference; fileEncoding = 4; lastKnownFileType = sourcecode.swift; path = RandResultModel.swift; sourceTree = "<group>"; };
		42588AFF1D7D07A100C21ADB /* RankHttpTool.swift */ = {isa = PBXFileReference; fileEncoding = 4; lastKnownFileType = sourcecode.swift; path = RankHttpTool.swift; sourceTree = "<group>"; };
		42588B011D7D07A100C21ADB /* RankTableViewCell.swift */ = {isa = PBXFileReference; fileEncoding = 4; lastKnownFileType = sourcecode.swift; path = RankTableViewCell.swift; sourceTree = "<group>"; };
		42588B021D7D07A100C21ADB /* RankTableViewCell.xib */ = {isa = PBXFileReference; fileEncoding = 4; lastKnownFileType = file.xib; path = RankTableViewCell.xib; sourceTree = "<group>"; };
		42588B0C1D7D07E200C21ADB /* HospitalDoctorListCell.swift */ = {isa = PBXFileReference; fileEncoding = 4; lastKnownFileType = sourcecode.swift; path = HospitalDoctorListCell.swift; sourceTree = "<group>"; };
		42588B0D1D7D07E200C21ADB /* HospitalDoctorListCell.xib */ = {isa = PBXFileReference; fileEncoding = 4; lastKnownFileType = file.xib; path = HospitalDoctorListCell.xib; sourceTree = "<group>"; };
		42588B141D7D457900C21ADB /* HospitalDoctorListViewController.swift */ = {isa = PBXFileReference; fileEncoding = 4; lastKnownFileType = sourcecode.swift; path = HospitalDoctorListViewController.swift; sourceTree = "<group>"; };
		42588B151D7D457900C21ADB /* HospitalDoctorListViewController.xib */ = {isa = PBXFileReference; fileEncoding = 4; lastKnownFileType = file.xib; path = HospitalDoctorListViewController.xib; sourceTree = "<group>"; };
		42588B1C1D7D728000C21ADB /* DoctorDetailController.swift */ = {isa = PBXFileReference; fileEncoding = 4; lastKnownFileType = sourcecode.swift; path = DoctorDetailController.swift; sourceTree = "<group>"; };
		42588B1D1D7D728000C21ADB /* DoctorDetailController.xib */ = {isa = PBXFileReference; fileEncoding = 4; lastKnownFileType = file.xib; path = DoctorDetailController.xib; sourceTree = "<group>"; };
		42588B221D7D749B00C21ADB /* DoctorDetailParam.swift */ = {isa = PBXFileReference; fileEncoding = 4; lastKnownFileType = sourcecode.swift; path = DoctorDetailParam.swift; sourceTree = "<group>"; };
		42588B241D7D74E100C21ADB /* DoctorDetailModel.swift */ = {isa = PBXFileReference; fileEncoding = 4; lastKnownFileType = sourcecode.swift; path = DoctorDetailModel.swift; sourceTree = "<group>"; };
		42588B261D7E483800C21ADB /* DoctorDetailFirstCell.swift */ = {isa = PBXFileReference; fileEncoding = 4; lastKnownFileType = sourcecode.swift; path = DoctorDetailFirstCell.swift; sourceTree = "<group>"; };
		42588B271D7E483800C21ADB /* DoctorDetailFirstCell.xib */ = {isa = PBXFileReference; fileEncoding = 4; lastKnownFileType = file.xib; path = DoctorDetailFirstCell.xib; sourceTree = "<group>"; };
		42588B2A1D7E50C200C21ADB /* LineImageView.swift */ = {isa = PBXFileReference; fileEncoding = 4; lastKnownFileType = sourcecode.swift; path = LineImageView.swift; sourceTree = "<group>"; };
		42588B2C1D7E518D00C21ADB /* DividingLineView.swift */ = {isa = PBXFileReference; fileEncoding = 4; lastKnownFileType = sourcecode.swift; path = DividingLineView.swift; sourceTree = "<group>"; };
		42588B2E1D7E525B00C21ADB /* DoctorDetailSecondCell.swift */ = {isa = PBXFileReference; fileEncoding = 4; lastKnownFileType = sourcecode.swift; path = DoctorDetailSecondCell.swift; sourceTree = "<group>"; };
		42588B2F1D7E525B00C21ADB /* DoctorDetailSecondCell.xib */ = {isa = PBXFileReference; fileEncoding = 4; lastKnownFileType = file.xib; path = DoctorDetailSecondCell.xib; sourceTree = "<group>"; };
		42588B321D7E5C7000C21ADB /* DoctorDetailSubModel.swift */ = {isa = PBXFileReference; fileEncoding = 4; lastKnownFileType = sourcecode.swift; path = DoctorDetailSubModel.swift; sourceTree = "<group>"; };
		42588B351D7EA34100C21ADB /* HomeViewController.swift */ = {isa = PBXFileReference; fileEncoding = 4; lastKnownFileType = sourcecode.swift; path = HomeViewController.swift; sourceTree = "<group>"; };
		42588B361D7EA34100C21ADB /* HomeViewController.xib */ = {isa = PBXFileReference; fileEncoding = 4; lastKnownFileType = file.xib; path = HomeViewController.xib; sourceTree = "<group>"; };
		42588B3F1D7EA34100C21ADB /* ExpertTalkCell.swift */ = {isa = PBXFileReference; fileEncoding = 4; lastKnownFileType = sourcecode.swift; path = ExpertTalkCell.swift; sourceTree = "<group>"; };
		42588B401D7EA34100C21ADB /* ExpertTalkCell.xib */ = {isa = PBXFileReference; fileEncoding = 4; lastKnownFileType = file.xib; path = ExpertTalkCell.xib; sourceTree = "<group>"; };
		42588B421D7EA34100C21ADB /* HotSectionCell.swift */ = {isa = PBXFileReference; fileEncoding = 4; lastKnownFileType = sourcecode.swift; path = HotSectionCell.swift; sourceTree = "<group>"; };
		42588B431D7EA34100C21ADB /* HotSectionCell.xib */ = {isa = PBXFileReference; fileEncoding = 4; lastKnownFileType = file.xib; path = HotSectionCell.xib; sourceTree = "<group>"; };
		42588B441D7EA34100C21ADB /* HotSectionCollectionCell.swift */ = {isa = PBXFileReference; fileEncoding = 4; lastKnownFileType = sourcecode.swift; path = HotSectionCollectionCell.swift; sourceTree = "<group>"; };
		42588B451D7EA34100C21ADB /* HotSectionCollectionCell.xib */ = {isa = PBXFileReference; fileEncoding = 4; lastKnownFileType = file.xib; path = HotSectionCollectionCell.xib; sourceTree = "<group>"; };
		42588B461D7EA34100C21ADB /* HotSectionCollectionCellModel.swift */ = {isa = PBXFileReference; fileEncoding = 4; lastKnownFileType = sourcecode.swift; path = HotSectionCollectionCellModel.swift; sourceTree = "<group>"; };
		42588B481D7EA34100C21ADB /* HomeCarouselCell.swift */ = {isa = PBXFileReference; fileEncoding = 4; lastKnownFileType = sourcecode.swift; path = HomeCarouselCell.swift; sourceTree = "<group>"; };
		42588B491D7EA34100C21ADB /* HomeCarouselCell.xib */ = {isa = PBXFileReference; fileEncoding = 4; lastKnownFileType = file.xib; path = HomeCarouselCell.xib; sourceTree = "<group>"; };
		42588B4B1D7EA34100C21ADB /* hotDoct.plist */ = {isa = PBXFileReference; fileEncoding = 4; lastKnownFileType = text.plist.xml; path = hotDoct.plist; sourceTree = "<group>"; };
		42588B4C1D7EA34100C21ADB /* HotSectionExpertCell.swift */ = {isa = PBXFileReference; fileEncoding = 4; lastKnownFileType = sourcecode.swift; path = HotSectionExpertCell.swift; sourceTree = "<group>"; };
		42588B4D1D7EA34100C21ADB /* HotSectionExpertCell.xib */ = {isa = PBXFileReference; fileEncoding = 4; lastKnownFileType = file.xib; path = HotSectionExpertCell.xib; sourceTree = "<group>"; };
		42588B4E1D7EA34100C21ADB /* HotSectionExpertCollectionCell.swift */ = {isa = PBXFileReference; fileEncoding = 4; lastKnownFileType = sourcecode.swift; path = HotSectionExpertCollectionCell.swift; sourceTree = "<group>"; };
		42588B4F1D7EA34100C21ADB /* HotSectionExpertCollectionCell.xib */ = {isa = PBXFileReference; fileEncoding = 4; lastKnownFileType = file.xib; path = HotSectionExpertCollectionCell.xib; sourceTree = "<group>"; };
		42588B501D7EA34100C21ADB /* HotSectionExpertCollectionCellModel.swift */ = {isa = PBXFileReference; fileEncoding = 4; lastKnownFileType = sourcecode.swift; path = HotSectionExpertCollectionCellModel.swift; sourceTree = "<group>"; };
		42588B521D7EA34100C21ADB /* HomeTableViewHeaderView.swift */ = {isa = PBXFileReference; fileEncoding = 4; lastKnownFileType = sourcecode.swift; path = HomeTableViewHeaderView.swift; sourceTree = "<group>"; };
		42588B771D7EC1E700C21ADB /* String+Hash.swift */ = {isa = PBXFileReference; fileEncoding = 4; lastKnownFileType = sourcecode.swift; path = "String+Hash.swift"; sourceTree = "<group>"; };
		42588B7E1D7FAB0700C21ADB /* FindExpertController.swift */ = {isa = PBXFileReference; fileEncoding = 4; lastKnownFileType = sourcecode.swift; path = FindExpertController.swift; sourceTree = "<group>"; };
		42588B7F1D7FAB0700C21ADB /* FindExpertController.xib */ = {isa = PBXFileReference; fileEncoding = 4; lastKnownFileType = file.xib; path = FindExpertController.xib; sourceTree = "<group>"; };
		42588B841D7FAB5B00C21ADB /* FindHospitalViewController.swift */ = {isa = PBXFileReference; fileEncoding = 4; lastKnownFileType = sourcecode.swift; path = FindHospitalViewController.swift; sourceTree = "<group>"; };
		42588B851D7FAB5B00C21ADB /* FindHospitalViewController.xib */ = {isa = PBXFileReference; fileEncoding = 4; lastKnownFileType = file.xib; path = FindHospitalViewController.xib; sourceTree = "<group>"; };
		42588B871D7FAB5B00C21ADB /* FindHospitalModel.swift */ = {isa = PBXFileReference; fileEncoding = 4; lastKnownFileType = sourcecode.swift; path = FindHospitalModel.swift; sourceTree = "<group>"; };
		42588B891D7FAB5B00C21ADB /* FindHospitalTool.swift */ = {isa = PBXFileReference; fileEncoding = 4; lastKnownFileType = sourcecode.swift; path = FindHospitalTool.swift; sourceTree = "<group>"; };
		42588B8B1D7FAB5B00C21ADB /* FindHospitalCell.swift */ = {isa = PBXFileReference; fileEncoding = 4; lastKnownFileType = sourcecode.swift; path = FindHospitalCell.swift; sourceTree = "<group>"; };
		42588B8C1D7FAB5B00C21ADB /* FindHospitalCell.xib */ = {isa = PBXFileReference; fileEncoding = 4; lastKnownFileType = file.xib; path = FindHospitalCell.xib; sourceTree = "<group>"; };
		42588B951D7FADA900C21ADB /* FindExpertTool.swift */ = {isa = PBXFileReference; fileEncoding = 4; lastKnownFileType = sourcecode.swift; path = FindExpertTool.swift; sourceTree = "<group>"; };
		425E01431D767701000A78B0 /* HttpTool.swift */ = {isa = PBXFileReference; fileEncoding = 4; lastKnownFileType = sourcecode.swift; path = HttpTool.swift; sourceTree = "<group>"; };
		42BB864B1D77D33000F583CB /* UIImae+Color.swift */ = {isa = PBXFileReference; fileEncoding = 4; lastKnownFileType = sourcecode.swift; path = "UIImae+Color.swift"; sourceTree = "<group>"; };
		42BB86551D79224400F583CB /* NSString+Hash.h */ = {isa = PBXFileReference; fileEncoding = 4; lastKnownFileType = sourcecode.c.h; path = "NSString+Hash.h"; sourceTree = "<group>"; };
		42BB86561D79224400F583CB /* NSString+Hash.m */ = {isa = PBXFileReference; fileEncoding = 4; lastKnownFileType = sourcecode.c.objc; path = "NSString+Hash.m"; sourceTree = "<group>"; };
		42DC39461D810B1C005B893C /* ProfileModel.swift */ = {isa = PBXFileReference; fileEncoding = 4; lastKnownFileType = sourcecode.swift; path = ProfileModel.swift; sourceTree = "<group>"; };
		42DC39481D810E86005B893C /* ProfileViewControllerCell.swift */ = {isa = PBXFileReference; fileEncoding = 4; lastKnownFileType = sourcecode.swift; path = ProfileViewControllerCell.swift; sourceTree = "<group>"; };
		42DC39491D810E86005B893C /* ProfileViewControllerCell.xib */ = {isa = PBXFileReference; fileEncoding = 4; lastKnownFileType = file.xib; path = ProfileViewControllerCell.xib; sourceTree = "<group>"; };
		42DC395C1D814DAC005B893C /* ProfileViewController.swift */ = {isa = PBXFileReference; fileEncoding = 4; lastKnownFileType = sourcecode.swift; path = ProfileViewController.swift; sourceTree = "<group>"; };
		42DC395D1D814DAC005B893C /* ProfileViewController.xib */ = {isa = PBXFileReference; fileEncoding = 4; lastKnownFileType = file.xib; path = ProfileViewController.xib; sourceTree = "<group>"; };
		42DC39621D814EA2005B893C /* RegisterHelpViewController.swift */ = {isa = PBXFileReference; fileEncoding = 4; lastKnownFileType = sourcecode.swift; path = RegisterHelpViewController.swift; sourceTree = "<group>"; };
		42DC39631D814EA2005B893C /* RegisterHelpViewController.xib */ = {isa = PBXFileReference; fileEncoding = 4; lastKnownFileType = file.xib; path = RegisterHelpViewController.xib; sourceTree = "<group>"; };
		42DC396A1D815AC5005B893C /* SearchDoctorViewController.swift */ = {isa = PBXFileReference; fileEncoding = 4; lastKnownFileType = sourcecode.swift; path = SearchDoctorViewController.swift; sourceTree = "<group>"; };
		42DC396B1D815AC5005B893C /* SearchDoctorViewController.xib */ = {isa = PBXFileReference; fileEncoding = 4; lastKnownFileType = file.xib; path = SearchDoctorViewController.xib; sourceTree = "<group>"; };
		42DF9C4D1D5DC4E2007550B2 /* MedicalHelper-Bridging-Header.h */ = {isa = PBXFileReference; lastKnownFileType = sourcecode.c.h; path = "MedicalHelper-Bridging-Header.h"; sourceTree = "<group>"; };
		42DF9C4E1D5DC4E2007550B2 /* bridge.m */ = {isa = PBXFileReference; fileEncoding = 4; lastKnownFileType = sourcecode.c.objc; path = bridge.m; sourceTree = "<group>"; };
		611AB5006DCB9452D5C576D1 /* Pods_MedicalHelper.framework */ = {isa = PBXFileReference; explicitFileType = wrapper.framework; includeInIndex = 0; path = Pods_MedicalHelper.framework; sourceTree = BUILT_PRODUCTS_DIR; };
		6CA96CAD2CDCC1A81A75C71B /* Pods-MedicalHelper.release.xcconfig */ = {isa = PBXFileReference; includeInIndex = 1; lastKnownFileType = text.xcconfig; name = "Pods-MedicalHelper.release.xcconfig"; path = "Pods/Target Support Files/Pods-MedicalHelper/Pods-MedicalHelper.release.xcconfig"; sourceTree = "<group>"; };
		8D0C69913ACBF41836CBB232 /* Pods-MedicalHelper.debug.xcconfig */ = {isa = PBXFileReference; includeInIndex = 1; lastKnownFileType = text.xcconfig; name = "Pods-MedicalHelper.debug.xcconfig"; path = "Pods/Target Support Files/Pods-MedicalHelper/Pods-MedicalHelper.debug.xcconfig"; sourceTree = "<group>"; };
/* End PBXFileReference section */

/* Begin PBXFrameworksBuildPhase section */
		4246FCBB1D5B1F4200CB9199 /* Frameworks */ = {
			isa = PBXFrameworksBuildPhase;
			buildActionMask = 2147483647;
			files = (
				50B2243A63CBE4834EAD26CC /* Pods_MedicalHelper.framework in Frameworks */,
			);
			runOnlyForDeploymentPostprocessing = 0;
		};
		4246FCCF1D5B1F4200CB9199 /* Frameworks */ = {
			isa = PBXFrameworksBuildPhase;
			buildActionMask = 2147483647;
			files = (
			);
			runOnlyForDeploymentPostprocessing = 0;
		};
		4246FCDA1D5B1F4200CB9199 /* Frameworks */ = {
			isa = PBXFrameworksBuildPhase;
			buildActionMask = 2147483647;
			files = (
			);
			runOnlyForDeploymentPostprocessing = 0;
		};
/* End PBXFrameworksBuildPhase section */

/* Begin PBXGroup section */
		4246FCB51D5B1F4200CB9199 = {
			isa = PBXGroup;
			children = (
				4246FCC01D5B1F4200CB9199 /* MedicalHelper */,
				4246FCD51D5B1F4200CB9199 /* MedicalHelperTests */,
				4246FCE01D5B1F4200CB9199 /* MedicalHelperUITests */,
				4246FCBF1D5B1F4200CB9199 /* Products */,
				A9A2A54BC6FB255BFA5058B5 /* Pods */,
				606B657B7A7F72E14F3ADE8C /* Frameworks */,
			);
			sourceTree = "<group>";
		};
		4246FCBF1D5B1F4200CB9199 /* Products */ = {
			isa = PBXGroup;
			children = (
				4246FCBE1D5B1F4200CB9199 /* MedicalHelper.app */,
				4246FCD21D5B1F4200CB9199 /* MedicalHelperTests.xctest */,
				4246FCDD1D5B1F4200CB9199 /* MedicalHelperUITests.xctest */,
			);
			name = Products;
			sourceTree = "<group>";
		};
		4246FCC01D5B1F4200CB9199 /* MedicalHelper */ = {
			isa = PBXGroup;
			children = (
				4246FCC11D5B1F4200CB9199 /* AppDelegate.swift */,
				4246FCEF1D5B256000CB9199 /* Common */,
				4246FCF01D5B256000CB9199 /* Home */,
				4246FCF11D5B256000CB9199 /* Main */,
				4246FCF21D5B256000CB9199 /* Order */,
				4246FCF31D5B256000CB9199 /* Profile */,
				4246FCF41D5B256000CB9199 /* Rank */,
				4246FCF51D5B256000CB9199 /* Tool */,
				4246FCC81D5B1F4200CB9199 /* Assets.xcassets */,
				4246FCCD1D5B1F4200CB9199 /* Info.plist */,
			);
			path = MedicalHelper;
			sourceTree = "<group>";
		};
		4246FCD51D5B1F4200CB9199 /* MedicalHelperTests */ = {
			isa = PBXGroup;
			children = (
				4246FCD61D5B1F4200CB9199 /* MedicalHelperTests.swift */,
				4246FCD81D5B1F4200CB9199 /* Info.plist */,
			);
			path = MedicalHelperTests;
			sourceTree = "<group>";
		};
		4246FCE01D5B1F4200CB9199 /* MedicalHelperUITests */ = {
			isa = PBXGroup;
			children = (
				4246FCE11D5B1F4200CB9199 /* MedicalHelperUITests.swift */,
				4246FCE31D5B1F4200CB9199 /* Info.plist */,
			);
			path = MedicalHelperUITests;
			sourceTree = "<group>";
		};
		4246FCEF1D5B256000CB9199 /* Common */ = {
			isa = PBXGroup;
			children = (
			);
			name = Common;
			path = Classes/Common;
			sourceTree = "<group>";
		};
		4246FCF01D5B256000CB9199 /* Home */ = {
			isa = PBXGroup;
			children = (
				42DC39661D815AB2005B893C /* SearchDoctor */,
				42588B821D7FAB5B00C21ADB /* FindHospital(找医院) */,
				42588B791D7FAAE300C21ADB /* FindExpert(找专家) */,
				42588B341D7EA34100C21ADB /* Controller */,
				42588B3B1D7EA34100C21ADB /* Model */,
				42588B3C1D7EA34100C21ADB /* View */,
			);
			name = Home;
			path = Classes/Home;
			sourceTree = "<group>";
		};
		4246FCF11D5B256000CB9199 /* Main */ = {
			isa = PBXGroup;
			children = (
				4246FCF61D5B259800CB9199 /* MainTabBarController.swift */,
				4246FCF81D5B25AE00CB9199 /* MainNavigationController.swift */,
				4246FD021D5B2A9A00CB9199 /* NewVersionViewController.swift */,
				4246FD031D5B2A9A00CB9199 /* NewVersionViewController.xib */,
				424C7B411D5C0FB100ED62CB /* BaseViewController.swift */,
			);
			name = Main;
			path = Classes/Main;
			sourceTree = "<group>";
		};
		4246FCF21D5B256000CB9199 /* Order */ = {
			isa = PBXGroup;
			children = (
				424C7B3B1D5C00EF00ED62CB /* OrderViewController.swift */,
				424C7B3C1D5C00EF00ED62CB /* OrderViewController.xib */,
			);
			name = Order;
			path = Classes/Order;
			sourceTree = "<group>";
		};
		4246FCF31D5B256000CB9199 /* Profile */ = {
			isa = PBXGroup;
			children = (
				42DC39431D810AFA005B893C /* Controller */,
				42DC39441D810AFA005B893C /* Model */,
				42DC39451D810AFA005B893C /* View */,
			);
			name = Profile;
			path = Classes/Profile;
			sourceTree = "<group>";
		};
		4246FCF41D5B256000CB9199 /* Rank */ = {
			isa = PBXGroup;
			children = (
				42588AF61D7D07A100C21ADB /* HospitalDoctorList */,
				42588B181D7D726D00C21ADB /* DoctorDetail */,
				42588AF31D7D07A100C21ADB /* Controller */,
				42588AFD1D7D07A100C21ADB /* Model */,
				42588AFF1D7D07A100C21ADB /* RankHttpTool.swift */,
				42588B001D7D07A100C21ADB /* View */,
			);
			name = Rank;
			path = Classes/Rank;
			sourceTree = "<group>";
		};
		4246FCF51D5B256000CB9199 /* Tool */ = {
			isa = PBXGroup;
			children = (
				4246FCFA1D5B261E00CB9199 /* Common.swift */,
				4246FCFC1D5B27CE00CB9199 /* NewVersionTool.swift */,
				424C7B3F1D5C028500ED62CB /* UIColor+Category.swift */,
				42DF9C4E1D5DC4E2007550B2 /* bridge.m */,
				42DF9C4D1D5DC4E2007550B2 /* MedicalHelper-Bridging-Header.h */,
				42309F911D62AA0F005F79BD /* CustomAFHTTPSessionManager.swift */,
				425E01431D767701000A78B0 /* HttpTool.swift */,
				42309FD91D62EF61005F79BD /* UIBarButtonItem+Category.swift */,
				42BB864B1D77D33000F583CB /* UIImae+Color.swift */,
				42BB86551D79224400F583CB /* NSString+Hash.h */,
				42BB86561D79224400F583CB /* NSString+Hash.m */,
				42588B2A1D7E50C200C21ADB /* LineImageView.swift */,
				42588B2C1D7E518D00C21ADB /* DividingLineView.swift */,
				42588B771D7EC1E700C21ADB /* String+Hash.swift */,
			);
			name = Tool;
			path = Classes/Tool;
			sourceTree = "<group>";
		};
		42588AF31D7D07A100C21ADB /* Controller */ = {
			isa = PBXGroup;
			children = (
				42588AF41D7D07A100C21ADB /* RankViewController.swift */,
				42588AF51D7D07A100C21ADB /* RankViewController.xib */,
			);
			path = Controller;
			sourceTree = "<group>";
		};
		42588AF61D7D07A100C21ADB /* HospitalDoctorList */ = {
			isa = PBXGroup;
			children = (
				42588AF71D7D07A100C21ADB /* Controller */,
				42588AFA1D7D07A100C21ADB /* Model */,
				42588AFC1D7D07A100C21ADB /* View */,
			);
			path = HospitalDoctorList;
			sourceTree = "<group>";
		};
		42588AF71D7D07A100C21ADB /* Controller */ = {
			isa = PBXGroup;
			children = (
				42588B141D7D457900C21ADB /* HospitalDoctorListViewController.swift */,
				42588B151D7D457900C21ADB /* HospitalDoctorListViewController.xib */,
			);
			path = Controller;
			sourceTree = "<group>";
		};
		42588AFA1D7D07A100C21ADB /* Model */ = {
			isa = PBXGroup;
			children = (
				42588AFB1D7D07A100C21ADB /* HospitalDoctorListModel.swift */,
			);
			path = Model;
			sourceTree = "<group>";
		};
		42588AFC1D7D07A100C21ADB /* View */ = {
			isa = PBXGroup;
			children = (
				42588B0C1D7D07E200C21ADB /* HospitalDoctorListCell.swift */,
				42588B0D1D7D07E200C21ADB /* HospitalDoctorListCell.xib */,
			);
			path = View;
			sourceTree = "<group>";
		};
		42588AFD1D7D07A100C21ADB /* Model */ = {
			isa = PBXGroup;
			children = (
				42588AFE1D7D07A100C21ADB /* RandResultModel.swift */,
			);
			path = Model;
			sourceTree = "<group>";
		};
		42588B001D7D07A100C21ADB /* View */ = {
			isa = PBXGroup;
			children = (
				42588B011D7D07A100C21ADB /* RankTableViewCell.swift */,
				42588B021D7D07A100C21ADB /* RankTableViewCell.xib */,
			);
			path = View;
			sourceTree = "<group>";
		};
		42588B181D7D726D00C21ADB /* DoctorDetail */ = {
			isa = PBXGroup;
			children = (
				42588B191D7D726D00C21ADB /* Controller */,
				42588B1A1D7D726D00C21ADB /* Model */,
				42588B1B1D7D726D00C21ADB /* View */,
			);
			path = DoctorDetail;
			sourceTree = "<group>";
		};
		42588B191D7D726D00C21ADB /* Controller */ = {
			isa = PBXGroup;
			children = (
				42588B1C1D7D728000C21ADB /* DoctorDetailController.swift */,
				42588B1D1D7D728000C21ADB /* DoctorDetailController.xib */,
			);
			path = Controller;
			sourceTree = "<group>";
		};
		42588B1A1D7D726D00C21ADB /* Model */ = {
			isa = PBXGroup;
			children = (
				42588B221D7D749B00C21ADB /* DoctorDetailParam.swift */,
				42588B241D7D74E100C21ADB /* DoctorDetailModel.swift */,
				42588B321D7E5C7000C21ADB /* DoctorDetailSubModel.swift */,
			);
			path = Model;
			sourceTree = "<group>";
		};
		42588B1B1D7D726D00C21ADB /* View */ = {
			isa = PBXGroup;
			children = (
				42588B261D7E483800C21ADB /* DoctorDetailFirstCell.swift */,
				42588B271D7E483800C21ADB /* DoctorDetailFirstCell.xib */,
				42588B2E1D7E525B00C21ADB /* DoctorDetailSecondCell.swift */,
				42588B2F1D7E525B00C21ADB /* DoctorDetailSecondCell.xib */,
			);
			path = View;
			sourceTree = "<group>";
		};
		42588B341D7EA34100C21ADB /* Controller */ = {
			isa = PBXGroup;
			children = (
				42588B351D7EA34100C21ADB /* HomeViewController.swift */,
				42588B361D7EA34100C21ADB /* HomeViewController.xib */,
			);
			path = Controller;
			sourceTree = "<group>";
		};
		42588B3B1D7EA34100C21ADB /* Model */ = {
			isa = PBXGroup;
			children = (
			);
			path = Model;
			sourceTree = "<group>";
		};
		42588B3C1D7EA34100C21ADB /* View */ = {
			isa = PBXGroup;
			children = (
				42588B3D1D7EA34100C21ADB /* HomeCell */,
			);
			path = View;
			sourceTree = "<group>";
		};
		42588B3D1D7EA34100C21ADB /* HomeCell */ = {
			isa = PBXGroup;
			children = (
				42588B3E1D7EA34100C21ADB /* FiveCell(专家访谈) */,
				42588B411D7EA34100C21ADB /* FourCell(热门科室) */,
				42588B471D7EA34100C21ADB /* OneCell(轮播图) */,
				42588B4A1D7EA34100C21ADB /* ThreeCell(热门科室专家) */,
				42588B511D7EA34100C21ADB /* TwoCell(找医院) */,
			);
			path = HomeCell;
			sourceTree = "<group>";
		};
		42588B3E1D7EA34100C21ADB /* FiveCell(专家访谈) */ = {
			isa = PBXGroup;
			children = (
				42588B3F1D7EA34100C21ADB /* ExpertTalkCell.swift */,
				42588B401D7EA34100C21ADB /* ExpertTalkCell.xib */,
			);
			path = "FiveCell(专家访谈)";
			sourceTree = "<group>";
		};
		42588B411D7EA34100C21ADB /* FourCell(热门科室) */ = {
			isa = PBXGroup;
			children = (
				42588B421D7EA34100C21ADB /* HotSectionCell.swift */,
				42588B431D7EA34100C21ADB /* HotSectionCell.xib */,
				42588B441D7EA34100C21ADB /* HotSectionCollectionCell.swift */,
				42588B451D7EA34100C21ADB /* HotSectionCollectionCell.xib */,
				42588B461D7EA34100C21ADB /* HotSectionCollectionCellModel.swift */,
			);
			path = "FourCell(热门科室)";
			sourceTree = "<group>";
		};
		42588B471D7EA34100C21ADB /* OneCell(轮播图) */ = {
			isa = PBXGroup;
			children = (
				42588B481D7EA34100C21ADB /* HomeCarouselCell.swift */,
				42588B491D7EA34100C21ADB /* HomeCarouselCell.xib */,
			);
			path = "OneCell(轮播图)";
			sourceTree = "<group>";
		};
		42588B4A1D7EA34100C21ADB /* ThreeCell(热门科室专家) */ = {
			isa = PBXGroup;
			children = (
				42588B4B1D7EA34100C21ADB /* hotDoct.plist */,
				42588B4C1D7EA34100C21ADB /* HotSectionExpertCell.swift */,
				42588B4D1D7EA34100C21ADB /* HotSectionExpertCell.xib */,
				42588B4E1D7EA34100C21ADB /* HotSectionExpertCollectionCell.swift */,
				42588B4F1D7EA34100C21ADB /* HotSectionExpertCollectionCell.xib */,
				42588B501D7EA34100C21ADB /* HotSectionExpertCollectionCellModel.swift */,
			);
			path = "ThreeCell(热门科室专家)";
			sourceTree = "<group>";
		};
		42588B511D7EA34100C21ADB /* TwoCell(找医院) */ = {
			isa = PBXGroup;
			children = (
				42588B521D7EA34100C21ADB /* HomeTableViewHeaderView.swift */,
			);
			path = "TwoCell(找医院)";
			sourceTree = "<group>";
		};
		42588B791D7FAAE300C21ADB /* FindExpert(找专家) */ = {
			isa = PBXGroup;
			children = (
				42588B7A1D7FAAE300C21ADB /* Controller */,
				42588B7B1D7FAAE300C21ADB /* Model */,
				42588B7C1D7FAAE300C21ADB /* Tool */,
				42588B7D1D7FAAE300C21ADB /* View */,
			);
			path = "FindExpert(找专家)";
			sourceTree = "<group>";
		};
		42588B7A1D7FAAE300C21ADB /* Controller */ = {
			isa = PBXGroup;
			children = (
				42588B7E1D7FAB0700C21ADB /* FindExpertController.swift */,
				42588B7F1D7FAB0700C21ADB /* FindExpertController.xib */,
			);
			path = Controller;
			sourceTree = "<group>";
		};
		42588B7B1D7FAAE300C21ADB /* Model */ = {
			isa = PBXGroup;
			children = (
			);
			path = Model;
			sourceTree = "<group>";
		};
		42588B7C1D7FAAE300C21ADB /* Tool */ = {
			isa = PBXGroup;
			children = (
				42588B951D7FADA900C21ADB /* FindExpertTool.swift */,
			);
			path = Tool;
			sourceTree = "<group>";
		};
		42588B7D1D7FAAE300C21ADB /* View */ = {
			isa = PBXGroup;
			children = (
			);
			path = View;
			sourceTree = "<group>";
		};
		42588B821D7FAB5B00C21ADB /* FindHospital(找医院) */ = {
			isa = PBXGroup;
			children = (
				42588B831D7FAB5B00C21ADB /* Controller */,
				42588B861D7FAB5B00C21ADB /* Model */,
				42588B881D7FAB5B00C21ADB /* Tool */,
				42588B8A1D7FAB5B00C21ADB /* View */,
			);
			path = "FindHospital(找医院)";
			sourceTree = "<group>";
		};
		42588B831D7FAB5B00C21ADB /* Controller */ = {
			isa = PBXGroup;
			children = (
				42588B841D7FAB5B00C21ADB /* FindHospitalViewController.swift */,
				42588B851D7FAB5B00C21ADB /* FindHospitalViewController.xib */,
			);
			path = Controller;
			sourceTree = "<group>";
		};
		42588B861D7FAB5B00C21ADB /* Model */ = {
			isa = PBXGroup;
			children = (
				42588B871D7FAB5B00C21ADB /* FindHospitalModel.swift */,
			);
			path = Model;
			sourceTree = "<group>";
		};
		42588B881D7FAB5B00C21ADB /* Tool */ = {
			isa = PBXGroup;
			children = (
				42588B891D7FAB5B00C21ADB /* FindHospitalTool.swift */,
			);
			path = Tool;
			sourceTree = "<group>";
		};
		42588B8A1D7FAB5B00C21ADB /* View */ = {
			isa = PBXGroup;
			children = (
				42588B8B1D7FAB5B00C21ADB /* FindHospitalCell.swift */,
				42588B8C1D7FAB5B00C21ADB /* FindHospitalCell.xib */,
			);
			path = View;
			sourceTree = "<group>";
		};
		42DC39431D810AFA005B893C /* Controller */ = {
			isa = PBXGroup;
			children = (
				42DC395C1D814DAC005B893C /* ProfileViewController.swift */,
				42DC395D1D814DAC005B893C /* ProfileViewController.xib */,
				42DC394C1D814D91005B893C /* FeedBack(意见反馈) */,
				42DC39501D814D91005B893C /* InviteFriend(邀请好友) */,
				42DC39541D814D91005B893C /* RegisterHelp(挂号帮助) */,
				42DC39581D814D91005B893C /* Setting(设置) */,
			);
			path = Controller;
			sourceTree = "<group>";
		};
		42DC39441D810AFA005B893C /* Model */ = {
			isa = PBXGroup;
			children = (
				42DC39461D810B1C005B893C /* ProfileModel.swift */,
			);
			path = Model;
			sourceTree = "<group>";
		};
		42DC39451D810AFA005B893C /* View */ = {
			isa = PBXGroup;
			children = (
				42DC39481D810E86005B893C /* ProfileViewControllerCell.swift */,
				42DC39491D810E86005B893C /* ProfileViewControllerCell.xib */,
			);
			path = View;
			sourceTree = "<group>";
		};
		42DC394C1D814D91005B893C /* FeedBack(意见反馈) */ = {
			isa = PBXGroup;
			children = (
				42DC394D1D814D91005B893C /* Controller */,
				42DC394E1D814D91005B893C /* Model */,
				42DC394F1D814D91005B893C /* View */,
			);
			path = "FeedBack(意见反馈)";
			sourceTree = "<group>";
		};
		42DC394D1D814D91005B893C /* Controller */ = {
			isa = PBXGroup;
			children = (
			);
			path = Controller;
			sourceTree = "<group>";
		};
		42DC394E1D814D91005B893C /* Model */ = {
			isa = PBXGroup;
			children = (
			);
			path = Model;
			sourceTree = "<group>";
		};
		42DC394F1D814D91005B893C /* View */ = {
			isa = PBXGroup;
			children = (
			);
			path = View;
			sourceTree = "<group>";
		};
		42DC39501D814D91005B893C /* InviteFriend(邀请好友) */ = {
			isa = PBXGroup;
			children = (
				42DC39511D814D91005B893C /* Controller */,
				42DC39521D814D91005B893C /* Model */,
				42DC39531D814D91005B893C /* View */,
			);
			path = "InviteFriend(邀请好友)";
			sourceTree = "<group>";
		};
		42DC39511D814D91005B893C /* Controller */ = {
			isa = PBXGroup;
			children = (
			);
			path = Controller;
			sourceTree = "<group>";
		};
		42DC39521D814D91005B893C /* Model */ = {
			isa = PBXGroup;
			children = (
			);
			path = Model;
			sourceTree = "<group>";
		};
		42DC39531D814D91005B893C /* View */ = {
			isa = PBXGroup;
			children = (
			);
			path = View;
			sourceTree = "<group>";
		};
		42DC39541D814D91005B893C /* RegisterHelp(挂号帮助) */ = {
			isa = PBXGroup;
			children = (
				42DC39551D814D91005B893C /* Controller */,
				42DC39561D814D91005B893C /* Model */,
				42DC39571D814D91005B893C /* View */,
				42DC39621D814EA2005B893C /* RegisterHelpViewController.swift */,
				42DC39631D814EA2005B893C /* RegisterHelpViewController.xib */,
			);
			path = "RegisterHelp(挂号帮助)";
			sourceTree = "<group>";
		};
		42DC39551D814D91005B893C /* Controller */ = {
			isa = PBXGroup;
			children = (
			);
			path = Controller;
			sourceTree = "<group>";
		};
		42DC39561D814D91005B893C /* Model */ = {
			isa = PBXGroup;
			children = (
			);
			path = Model;
			sourceTree = "<group>";
		};
		42DC39571D814D91005B893C /* View */ = {
			isa = PBXGroup;
			children = (
			);
			path = View;
			sourceTree = "<group>";
		};
		42DC39581D814D91005B893C /* Setting(设置) */ = {
			isa = PBXGroup;
			children = (
				42DC39591D814D91005B893C /* Controller */,
				42DC395A1D814D91005B893C /* Model */,
				42DC395B1D814D91005B893C /* View */,
			);
			path = "Setting(设置)";
			sourceTree = "<group>";
		};
		42DC39591D814D91005B893C /* Controller */ = {
			isa = PBXGroup;
			children = (
			);
			path = Controller;
			sourceTree = "<group>";
		};
		42DC395A1D814D91005B893C /* Model */ = {
			isa = PBXGroup;
			children = (
			);
			path = Model;
			sourceTree = "<group>";
		};
		42DC395B1D814D91005B893C /* View */ = {
			isa = PBXGroup;
			children = (
			);
			path = View;
			sourceTree = "<group>";
		};
		42DC39661D815AB2005B893C /* SearchDoctor */ = {
			isa = PBXGroup;
			children = (
				42DC39671D815AB2005B893C /* Controller */,
				42DC39681D815AB2005B893C /* Model */,
				42DC39691D815AB2005B893C /* View */,
			);
			path = SearchDoctor;
			sourceTree = "<group>";
		};
		42DC39671D815AB2005B893C /* Controller */ = {
			isa = PBXGroup;
			children = (
				42DC396A1D815AC5005B893C /* SearchDoctorViewController.swift */,
				42DC396B1D815AC5005B893C /* SearchDoctorViewController.xib */,
			);
			path = Controller;
			sourceTree = "<group>";
		};
		42DC39681D815AB2005B893C /* Model */ = {
			isa = PBXGroup;
			children = (
			);
			path = Model;
			sourceTree = "<group>";
		};
		42DC39691D815AB2005B893C /* View */ = {
			isa = PBXGroup;
			children = (
			);
			path = View;
			sourceTree = "<group>";
		};
		606B657B7A7F72E14F3ADE8C /* Frameworks */ = {
			isa = PBXGroup;
			children = (
				611AB5006DCB9452D5C576D1 /* Pods_MedicalHelper.framework */,
			);
			name = Frameworks;
			sourceTree = "<group>";
		};
		A9A2A54BC6FB255BFA5058B5 /* Pods */ = {
			isa = PBXGroup;
			children = (
				8D0C69913ACBF41836CBB232 /* Pods-MedicalHelper.debug.xcconfig */,
				6CA96CAD2CDCC1A81A75C71B /* Pods-MedicalHelper.release.xcconfig */,
			);
			name = Pods;
			sourceTree = "<group>";
		};
/* End PBXGroup section */

/* Begin PBXNativeTarget section */
		4246FCBD1D5B1F4200CB9199 /* MedicalHelper */ = {
			isa = PBXNativeTarget;
			buildConfigurationList = 4246FCE61D5B1F4200CB9199 /* Build configuration list for PBXNativeTarget "MedicalHelper" */;
			buildPhases = (
				F3E03AD5428DEA44C4A531F4 /* [CP] Check Pods Manifest.lock */,
				4246FCBA1D5B1F4200CB9199 /* Sources */,
				4246FCBB1D5B1F4200CB9199 /* Frameworks */,
				4246FCBC1D5B1F4200CB9199 /* Resources */,
				3E4FEB3FA8B56E14D8063534 /* [CP] Embed Pods Frameworks */,
				E0EE98B5A1DF3EFD15D6F01A /* [CP] Copy Pods Resources */,
			);
			buildRules = (
			);
			dependencies = (
			);
			name = MedicalHelper;
			productName = MedicalHelper;
			productReference = 4246FCBE1D5B1F4200CB9199 /* MedicalHelper.app */;
			productType = "com.apple.product-type.application";
		};
		4246FCD11D5B1F4200CB9199 /* MedicalHelperTests */ = {
			isa = PBXNativeTarget;
			buildConfigurationList = 4246FCE91D5B1F4200CB9199 /* Build configuration list for PBXNativeTarget "MedicalHelperTests" */;
			buildPhases = (
				4246FCCE1D5B1F4200CB9199 /* Sources */,
				4246FCCF1D5B1F4200CB9199 /* Frameworks */,
				4246FCD01D5B1F4200CB9199 /* Resources */,
			);
			buildRules = (
			);
			dependencies = (
				4246FCD41D5B1F4200CB9199 /* PBXTargetDependency */,
			);
			name = MedicalHelperTests;
			productName = MedicalHelperTests;
			productReference = 4246FCD21D5B1F4200CB9199 /* MedicalHelperTests.xctest */;
			productType = "com.apple.product-type.bundle.unit-test";
		};
		4246FCDC1D5B1F4200CB9199 /* MedicalHelperUITests */ = {
			isa = PBXNativeTarget;
			buildConfigurationList = 4246FCEC1D5B1F4200CB9199 /* Build configuration list for PBXNativeTarget "MedicalHelperUITests" */;
			buildPhases = (
				4246FCD91D5B1F4200CB9199 /* Sources */,
				4246FCDA1D5B1F4200CB9199 /* Frameworks */,
				4246FCDB1D5B1F4200CB9199 /* Resources */,
			);
			buildRules = (
			);
			dependencies = (
				4246FCDF1D5B1F4200CB9199 /* PBXTargetDependency */,
			);
			name = MedicalHelperUITests;
			productName = MedicalHelperUITests;
			productReference = 4246FCDD1D5B1F4200CB9199 /* MedicalHelperUITests.xctest */;
			productType = "com.apple.product-type.bundle.ui-testing";
		};
/* End PBXNativeTarget section */

/* Begin PBXProject section */
		4246FCB61D5B1F4200CB9199 /* Project object */ = {
			isa = PBXProject;
			attributes = {
				LastSwiftUpdateCheck = 0730;
				LastUpgradeCheck = 0730;
				ORGANIZATIONNAME = J;
				TargetAttributes = {
					4246FCBD1D5B1F4200CB9199 = {
						CreatedOnToolsVersion = 7.3;
					};
					4246FCD11D5B1F4200CB9199 = {
						CreatedOnToolsVersion = 7.3;
						TestTargetID = 4246FCBD1D5B1F4200CB9199;
					};
					4246FCDC1D5B1F4200CB9199 = {
						CreatedOnToolsVersion = 7.3;
						TestTargetID = 4246FCBD1D5B1F4200CB9199;
					};
				};
			};
			buildConfigurationList = 4246FCB91D5B1F4200CB9199 /* Build configuration list for PBXProject "MedicalHelper" */;
			compatibilityVersion = "Xcode 3.2";
			developmentRegion = English;
			hasScannedForEncodings = 0;
			knownRegions = (
				en,
				Base,
			);
			mainGroup = 4246FCB51D5B1F4200CB9199;
			productRefGroup = 4246FCBF1D5B1F4200CB9199 /* Products */;
			projectDirPath = "";
			projectRoot = "";
			targets = (
				4246FCBD1D5B1F4200CB9199 /* MedicalHelper */,
				4246FCD11D5B1F4200CB9199 /* MedicalHelperTests */,
				4246FCDC1D5B1F4200CB9199 /* MedicalHelperUITests */,
			);
		};
/* End PBXProject section */

/* Begin PBXResourcesBuildPhase section */
		4246FCBC1D5B1F4200CB9199 /* Resources */ = {
			isa = PBXResourcesBuildPhase;
			buildActionMask = 2147483647;
			files = (
				42588B631D7EA34100C21ADB /* HotSectionExpertCell.xib in Resources */,
				42588B0B1D7D07A100C21ADB /* RankTableViewCell.xib in Resources */,
				42588B591D7EA34100C21ADB /* ExpertTalkCell.xib in Resources */,
				4246FD051D5B2A9A00CB9199 /* NewVersionViewController.xib in Resources */,
				42DC39651D814EA2005B893C /* RegisterHelpViewController.xib in Resources */,
				424C7B3E1D5C00EF00ED62CB /* OrderViewController.xib in Resources */,
				4246FCC91D5B1F4200CB9199 /* Assets.xcassets in Resources */,
				42588B1F1D7D728000C21ADB /* DoctorDetailController.xib in Resources */,
				42588B811D7FAB0700C21ADB /* FindExpertController.xib in Resources */,
				42588B291D7E483800C21ADB /* DoctorDetailFirstCell.xib in Resources */,
				42DC394B1D810E86005B893C /* ProfileViewControllerCell.xib in Resources */,
				42588B8E1D7FAB5B00C21ADB /* FindHospitalViewController.xib in Resources */,
				42DC396D1D815AC5005B893C /* SearchDoctorViewController.xib in Resources */,
				42588B601D7EA34100C21ADB /* HomeCarouselCell.xib in Resources */,
				42588B171D7D457900C21ADB /* HospitalDoctorListViewController.xib in Resources */,
				42588B5D1D7EA34100C21ADB /* HotSectionCollectionCell.xib in Resources */,
				42DC395F1D814DAC005B893C /* ProfileViewController.xib in Resources */,
				42588B921D7FAB5B00C21ADB /* FindHospitalCell.xib in Resources */,
				42588B5B1D7EA34100C21ADB /* HotSectionCell.xib in Resources */,
				42588B0F1D7D07E200C21ADB /* HospitalDoctorListCell.xib in Resources */,
				42588B611D7EA34100C21ADB /* hotDoct.plist in Resources */,
				42588B311D7E525B00C21ADB /* DoctorDetailSecondCell.xib in Resources */,
				42588B041D7D07A100C21ADB /* RankViewController.xib in Resources */,
				42588B541D7EA34100C21ADB /* HomeViewController.xib in Resources */,
				42588B651D7EA34100C21ADB /* HotSectionExpertCollectionCell.xib in Resources */,
			);
			runOnlyForDeploymentPostprocessing = 0;
		};
		4246FCD01D5B1F4200CB9199 /* Resources */ = {
			isa = PBXResourcesBuildPhase;
			buildActionMask = 2147483647;
			files = (
			);
			runOnlyForDeploymentPostprocessing = 0;
		};
		4246FCDB1D5B1F4200CB9199 /* Resources */ = {
			isa = PBXResourcesBuildPhase;
			buildActionMask = 2147483647;
			files = (
			);
			runOnlyForDeploymentPostprocessing = 0;
		};
/* End PBXResourcesBuildPhase section */

/* Begin PBXShellScriptBuildPhase section */
		3E4FEB3FA8B56E14D8063534 /* [CP] Embed Pods Frameworks */ = {
			isa = PBXShellScriptBuildPhase;
			buildActionMask = 2147483647;
			files = (
			);
			inputPaths = (
			);
			name = "[CP] Embed Pods Frameworks";
			outputPaths = (
			);
			runOnlyForDeploymentPostprocessing = 0;
			shellPath = /bin/sh;
			shellScript = "\"${SRCROOT}/Pods/Target Support Files/Pods-MedicalHelper/Pods-MedicalHelper-frameworks.sh\"\n";
			showEnvVarsInLog = 0;
		};
		E0EE98B5A1DF3EFD15D6F01A /* [CP] Copy Pods Resources */ = {
			isa = PBXShellScriptBuildPhase;
			buildActionMask = 2147483647;
			files = (
			);
			inputPaths = (
			);
			name = "[CP] Copy Pods Resources";
			outputPaths = (
			);
			runOnlyForDeploymentPostprocessing = 0;
			shellPath = /bin/sh;
			shellScript = "\"${SRCROOT}/Pods/Target Support Files/Pods-MedicalHelper/Pods-MedicalHelper-resources.sh\"\n";
			showEnvVarsInLog = 0;
		};
		F3E03AD5428DEA44C4A531F4 /* [CP] Check Pods Manifest.lock */ = {
			isa = PBXShellScriptBuildPhase;
			buildActionMask = 2147483647;
			files = (
			);
			inputPaths = (
			);
			name = "[CP] Check Pods Manifest.lock";
			outputPaths = (
			);
			runOnlyForDeploymentPostprocessing = 0;
			shellPath = /bin/sh;
			shellScript = "diff \"${PODS_ROOT}/../Podfile.lock\" \"${PODS_ROOT}/Manifest.lock\" > /dev/null\nif [[ $? != 0 ]] ; then\n    cat << EOM\nerror: The sandbox is not in sync with the Podfile.lock. Run 'pod install' or update your CocoaPods installation.\nEOM\n    exit 1\nfi\n";
			showEnvVarsInLog = 0;
		};
/* End PBXShellScriptBuildPhase section */

/* Begin PBXSourcesBuildPhase section */
		4246FCBA1D5B1F4200CB9199 /* Sources */ = {
			isa = PBXSourcesBuildPhase;
			buildActionMask = 2147483647;
			files = (
				42588B781D7EC1E700C21ADB /* String+Hash.swift in Sources */,
				4246FD041D5B2A9A00CB9199 /* NewVersionViewController.swift in Sources */,
				42BB864C1D77D33000F583CB /* UIImae+Color.swift in Sources */,
				424C7B3D1D5C00EF00ED62CB /* OrderViewController.swift in Sources */,
				42588B581D7EA34100C21ADB /* ExpertTalkCell.swift in Sources */,
				42588B671D7EA34100C21ADB /* HomeTableViewHeaderView.swift in Sources */,
				42588B801D7FAB0700C21ADB /* FindExpertController.swift in Sources */,
				42588B251D7D74E100C21ADB /* DoctorDetailModel.swift in Sources */,
				42588B2B1D7E50C200C21ADB /* LineImageView.swift in Sources */,
				42588B081D7D07A100C21ADB /* RandResultModel.swift in Sources */,
				42588B2D1D7E518D00C21ADB /* DividingLineView.swift in Sources */,
				42588B0A1D7D07A100C21ADB /* RankTableViewCell.swift in Sources */,
				42588B231D7D749B00C21ADB /* DoctorDetailParam.swift in Sources */,
				42588B031D7D07A100C21ADB /* RankViewController.swift in Sources */,
				42DC396C1D815AC5005B893C /* SearchDoctorViewController.swift in Sources */,
				4246FCFB1D5B261E00CB9199 /* Common.swift in Sources */,
				42588B091D7D07A100C21ADB /* RankHttpTool.swift in Sources */,
				42309F921D62AA0F005F79BD /* CustomAFHTTPSessionManager.swift in Sources */,
				42588B5C1D7EA34100C21ADB /* HotSectionCollectionCell.swift in Sources */,
				42588B301D7E525B00C21ADB /* DoctorDetailSecondCell.swift in Sources */,
				42588B071D7D07A100C21ADB /* HospitalDoctorListModel.swift in Sources */,
				42588B281D7E483800C21ADB /* DoctorDetailFirstCell.swift in Sources */,
				42588B911D7FAB5B00C21ADB /* FindHospitalCell.swift in Sources */,
				42DC395E1D814DAC005B893C /* ProfileViewController.swift in Sources */,
				42588B961D7FADAA00C21ADB /* FindExpertTool.swift in Sources */,
				4246FCFD1D5B27CE00CB9199 /* NewVersionTool.swift in Sources */,
				42DC39641D814EA2005B893C /* RegisterHelpViewController.swift in Sources */,
				424C7B421D5C0FB100ED62CB /* BaseViewController.swift in Sources */,
				4246FCF91D5B25AE00CB9199 /* MainNavigationController.swift in Sources */,
				42588B901D7FAB5B00C21ADB /* FindHospitalTool.swift in Sources */,
				425E01441D767701000A78B0 /* HttpTool.swift in Sources */,
				42588B641D7EA34100C21ADB /* HotSectionExpertCollectionCell.swift in Sources */,
				42588B331D7E5C7000C21ADB /* DoctorDetailSubModel.swift in Sources */,
				42588B5E1D7EA34100C21ADB /* HotSectionCollectionCellModel.swift in Sources */,
				4246FCF71D5B259800CB9199 /* MainTabBarController.swift in Sources */,
				42BB86571D79224400F583CB /* NSString+Hash.m in Sources */,
				42588B5F1D7EA34100C21ADB /* HomeCarouselCell.swift in Sources */,
				42588B8F1D7FAB5B00C21ADB /* FindHospitalModel.swift in Sources */,
				42DC39471D810B1C005B893C /* ProfileModel.swift in Sources */,
				42DF9C4F1D5DC4E2007550B2 /* bridge.m in Sources */,
				424C7B401D5C028500ED62CB /* UIColor+Category.swift in Sources */,
				42588B0E1D7D07E200C21ADB /* HospitalDoctorListCell.swift in Sources */,
				42588B531D7EA34100C21ADB /* HomeViewController.swift in Sources */,
				42588B5A1D7EA34100C21ADB /* HotSectionCell.swift in Sources */,
				42309FDA1D62EF61005F79BD /* UIBarButtonItem+Category.swift in Sources */,
				42588B8D1D7FAB5B00C21ADB /* FindHospitalViewController.swift in Sources */,
				42588B1E1D7D728000C21ADB /* DoctorDetailController.swift in Sources */,
				42588B621D7EA34100C21ADB /* HotSectionExpertCell.swift in Sources */,
				42588B161D7D457900C21ADB /* HospitalDoctorListViewController.swift in Sources */,
				4246FCC21D5B1F4200CB9199 /* AppDelegate.swift in Sources */,
				42DC394A1D810E86005B893C /* ProfileViewControllerCell.swift in Sources */,
				42588B661D7EA34100C21ADB /* HotSectionExpertCollectionCellModel.swift in Sources */,
			);
			runOnlyForDeploymentPostprocessing = 0;
		};
		4246FCCE1D5B1F4200CB9199 /* Sources */ = {
			isa = PBXSourcesBuildPhase;
			buildActionMask = 2147483647;
			files = (
				4246FCD71D5B1F4200CB9199 /* MedicalHelperTests.swift in Sources */,
			);
			runOnlyForDeploymentPostprocessing = 0;
		};
		4246FCD91D5B1F4200CB9199 /* Sources */ = {
			isa = PBXSourcesBuildPhase;
			buildActionMask = 2147483647;
			files = (
				4246FCE21D5B1F4200CB9199 /* MedicalHelperUITests.swift in Sources */,
			);
			runOnlyForDeploymentPostprocessing = 0;
		};
/* End PBXSourcesBuildPhase section */

/* Begin PBXTargetDependency section */
		4246FCD41D5B1F4200CB9199 /* PBXTargetDependency */ = {
			isa = PBXTargetDependency;
			target = 4246FCBD1D5B1F4200CB9199 /* MedicalHelper */;
			targetProxy = 4246FCD31D5B1F4200CB9199 /* PBXContainerItemProxy */;
		};
		4246FCDF1D5B1F4200CB9199 /* PBXTargetDependency */ = {
			isa = PBXTargetDependency;
			target = 4246FCBD1D5B1F4200CB9199 /* MedicalHelper */;
			targetProxy = 4246FCDE1D5B1F4200CB9199 /* PBXContainerItemProxy */;
		};
/* End PBXTargetDependency section */

/* Begin XCBuildConfiguration section */
		4246FCE41D5B1F4200CB9199 /* Debug */ = {
			isa = XCBuildConfiguration;
			buildSettings = {
				ALWAYS_SEARCH_USER_PATHS = NO;
				CLANG_ANALYZER_NONNULL = YES;
				CLANG_CXX_LANGUAGE_STANDARD = "gnu++0x";
				CLANG_CXX_LIBRARY = "libc++";
				CLANG_ENABLE_MODULES = YES;
				CLANG_ENABLE_OBJC_ARC = YES;
				CLANG_WARN_BOOL_CONVERSION = YES;
				CLANG_WARN_CONSTANT_CONVERSION = YES;
				CLANG_WARN_DIRECT_OBJC_ISA_USAGE = YES_ERROR;
				CLANG_WARN_EMPTY_BODY = YES;
				CLANG_WARN_ENUM_CONVERSION = YES;
				CLANG_WARN_INT_CONVERSION = YES;
				CLANG_WARN_OBJC_ROOT_CLASS = YES_ERROR;
				CLANG_WARN_UNREACHABLE_CODE = YES;
				CLANG_WARN__DUPLICATE_METHOD_MATCH = YES;
				"CODE_SIGN_IDENTITY[sdk=iphoneos*]" = "iPhone Developer";
				COPY_PHASE_STRIP = NO;
				DEBUG_INFORMATION_FORMAT = dwarf;
				ENABLE_STRICT_OBJC_MSGSEND = YES;
				ENABLE_TESTABILITY = YES;
				GCC_C_LANGUAGE_STANDARD = gnu99;
				GCC_DYNAMIC_NO_PIC = NO;
				GCC_NO_COMMON_BLOCKS = YES;
				GCC_OPTIMIZATION_LEVEL = 0;
				GCC_PREPROCESSOR_DEFINITIONS = (
					"DEBUG=1",
					"$(inherited)",
				);
				GCC_WARN_64_TO_32_BIT_CONVERSION = YES;
				GCC_WARN_ABOUT_RETURN_TYPE = YES_ERROR;
				GCC_WARN_UNDECLARED_SELECTOR = YES;
				GCC_WARN_UNINITIALIZED_AUTOS = YES_AGGRESSIVE;
				GCC_WARN_UNUSED_FUNCTION = YES;
				GCC_WARN_UNUSED_VARIABLE = YES;
				IPHONEOS_DEPLOYMENT_TARGET = 9.3;
				MTL_ENABLE_DEBUG_INFO = YES;
				ONLY_ACTIVE_ARCH = YES;
				SDKROOT = iphoneos;
				SWIFT_OPTIMIZATION_LEVEL = "-Onone";
			};
			name = Debug;
		};
		4246FCE51D5B1F4200CB9199 /* Release */ = {
			isa = XCBuildConfiguration;
			buildSettings = {
				ALWAYS_SEARCH_USER_PATHS = NO;
				CLANG_ANALYZER_NONNULL = YES;
				CLANG_CXX_LANGUAGE_STANDARD = "gnu++0x";
				CLANG_CXX_LIBRARY = "libc++";
				CLANG_ENABLE_MODULES = YES;
				CLANG_ENABLE_OBJC_ARC = YES;
				CLANG_WARN_BOOL_CONVERSION = YES;
				CLANG_WARN_CONSTANT_CONVERSION = YES;
				CLANG_WARN_DIRECT_OBJC_ISA_USAGE = YES_ERROR;
				CLANG_WARN_EMPTY_BODY = YES;
				CLANG_WARN_ENUM_CONVERSION = YES;
				CLANG_WARN_INT_CONVERSION = YES;
				CLANG_WARN_OBJC_ROOT_CLASS = YES_ERROR;
				CLANG_WARN_UNREACHABLE_CODE = YES;
				CLANG_WARN__DUPLICATE_METHOD_MATCH = YES;
				"CODE_SIGN_IDENTITY[sdk=iphoneos*]" = "iPhone Developer";
				COPY_PHASE_STRIP = NO;
				DEBUG_INFORMATION_FORMAT = "dwarf-with-dsym";
				ENABLE_NS_ASSERTIONS = NO;
				ENABLE_STRICT_OBJC_MSGSEND = YES;
				GCC_C_LANGUAGE_STANDARD = gnu99;
				GCC_NO_COMMON_BLOCKS = YES;
				GCC_WARN_64_TO_32_BIT_CONVERSION = YES;
				GCC_WARN_ABOUT_RETURN_TYPE = YES_ERROR;
				GCC_WARN_UNDECLARED_SELECTOR = YES;
				GCC_WARN_UNINITIALIZED_AUTOS = YES_AGGRESSIVE;
				GCC_WARN_UNUSED_FUNCTION = YES;
				GCC_WARN_UNUSED_VARIABLE = YES;
				IPHONEOS_DEPLOYMENT_TARGET = 9.3;
				MTL_ENABLE_DEBUG_INFO = NO;
				SDKROOT = iphoneos;
				VALIDATE_PRODUCT = YES;
			};
			name = Release;
		};
		4246FCE71D5B1F4200CB9199 /* Debug */ = {
			isa = XCBuildConfiguration;
			baseConfigurationReference = 8D0C69913ACBF41836CBB232 /* Pods-MedicalHelper.debug.xcconfig */;
			buildSettings = {
				ASSETCATALOG_COMPILER_APPICON_NAME = AppIcon;
				ASSETCATALOG_COMPILER_LAUNCHIMAGE_NAME = LaunchImage;
				CLANG_ENABLE_MODULES = YES;
				INFOPLIST_FILE = MedicalHelper/Info.plist;
				IPHONEOS_DEPLOYMENT_TARGET = 8.0;
				LD_RUNPATH_SEARCH_PATHS = "$(inherited) @executable_path/Frameworks";
				PRODUCT_BUNDLE_IDENTIFIER = joe.MedicalHelper;
				PRODUCT_NAME = "$(TARGET_NAME)";
				SWIFT_OBJC_BRIDGING_HEADER = "MedicalHelper/Classes/Tool/MedicalHelper-Bridging-Header.h";
				SWIFT_OPTIMIZATION_LEVEL = "-Onone";
				TARGETED_DEVICE_FAMILY = 1;
			};
			name = Debug;
		};
		4246FCE81D5B1F4200CB9199 /* Release */ = {
			isa = XCBuildConfiguration;
			baseConfigurationReference = 6CA96CAD2CDCC1A81A75C71B /* Pods-MedicalHelper.release.xcconfig */;
			buildSettings = {
				ASSETCATALOG_COMPILER_APPICON_NAME = AppIcon;
				ASSETCATALOG_COMPILER_LAUNCHIMAGE_NAME = LaunchImage;
				CLANG_ENABLE_MODULES = YES;
				INFOPLIST_FILE = MedicalHelper/Info.plist;
				IPHONEOS_DEPLOYMENT_TARGET = 8.0;
				LD_RUNPATH_SEARCH_PATHS = "$(inherited) @executable_path/Frameworks";
				PRODUCT_BUNDLE_IDENTIFIER = joe.MedicalHelper;
				PRODUCT_NAME = "$(TARGET_NAME)";
				SWIFT_OBJC_BRIDGING_HEADER = "MedicalHelper/Classes/Tool/MedicalHelper-Bridging-Header.h";
				TARGETED_DEVICE_FAMILY = 1;
			};
			name = Release;
		};
		4246FCEA1D5B1F4200CB9199 /* Debug */ = {
			isa = XCBuildConfiguration;
			buildSettings = {
				BUNDLE_LOADER = "$(TEST_HOST)";
				INFOPLIST_FILE = MedicalHelperTests/Info.plist;
				LD_RUNPATH_SEARCH_PATHS = "$(inherited) @executable_path/Frameworks @loader_path/Frameworks";
				PRODUCT_BUNDLE_IDENTIFIER = joe.MedicalHelperTests;
				PRODUCT_NAME = "$(TARGET_NAME)";
				TEST_HOST = "$(BUILT_PRODUCTS_DIR)/MedicalHelper.app/MedicalHelper";
			};
			name = Debug;
		};
		4246FCEB1D5B1F4200CB9199 /* Release */ = {
			isa = XCBuildConfiguration;
			buildSettings = {
				BUNDLE_LOADER = "$(TEST_HOST)";
				INFOPLIST_FILE = MedicalHelperTests/Info.plist;
				LD_RUNPATH_SEARCH_PATHS = "$(inherited) @executable_path/Frameworks @loader_path/Frameworks";
				PRODUCT_BUNDLE_IDENTIFIER = joe.MedicalHelperTests;
				PRODUCT_NAME = "$(TARGET_NAME)";
				TEST_HOST = "$(BUILT_PRODUCTS_DIR)/MedicalHelper.app/MedicalHelper";
			};
			name = Release;
		};
		4246FCED1D5B1F4200CB9199 /* Debug */ = {
			isa = XCBuildConfiguration;
			buildSettings = {
				INFOPLIST_FILE = MedicalHelperUITests/Info.plist;
				LD_RUNPATH_SEARCH_PATHS = "$(inherited) @executable_path/Frameworks @loader_path/Frameworks";
				PRODUCT_BUNDLE_IDENTIFIER = joe.MedicalHelperUITests;
				PRODUCT_NAME = "$(TARGET_NAME)";
				TEST_TARGET_NAME = MedicalHelper;
			};
			name = Debug;
		};
		4246FCEE1D5B1F4200CB9199 /* Release */ = {
			isa = XCBuildConfiguration;
			buildSettings = {
				INFOPLIST_FILE = MedicalHelperUITests/Info.plist;
				LD_RUNPATH_SEARCH_PATHS = "$(inherited) @executable_path/Frameworks @loader_path/Frameworks";
				PRODUCT_BUNDLE_IDENTIFIER = joe.MedicalHelperUITests;
				PRODUCT_NAME = "$(TARGET_NAME)";
				TEST_TARGET_NAME = MedicalHelper;
			};
			name = Release;
		};
/* End XCBuildConfiguration section */

/* Begin XCConfigurationList section */
		4246FCB91D5B1F4200CB9199 /* Build configuration list for PBXProject "MedicalHelper" */ = {
			isa = XCConfigurationList;
			buildConfigurations = (
				4246FCE41D5B1F4200CB9199 /* Debug */,
				4246FCE51D5B1F4200CB9199 /* Release */,
			);
			defaultConfigurationIsVisible = 0;
			defaultConfigurationName = Release;
		};
		4246FCE61D5B1F4200CB9199 /* Build configuration list for PBXNativeTarget "MedicalHelper" */ = {
			isa = XCConfigurationList;
			buildConfigurations = (
				4246FCE71D5B1F4200CB9199 /* Debug */,
				4246FCE81D5B1F4200CB9199 /* Release */,
			);
			defaultConfigurationIsVisible = 0;
			defaultConfigurationName = Release;
		};
		4246FCE91D5B1F4200CB9199 /* Build configuration list for PBXNativeTarget "MedicalHelperTests" */ = {
			isa = XCConfigurationList;
			buildConfigurations = (
				4246FCEA1D5B1F4200CB9199 /* Debug */,
				4246FCEB1D5B1F4200CB9199 /* Release */,
			);
			defaultConfigurationIsVisible = 0;
			defaultConfigurationName = Release;
		};
		4246FCEC1D5B1F4200CB9199 /* Build configuration list for PBXNativeTarget "MedicalHelperUITests" */ = {
			isa = XCConfigurationList;
			buildConfigurations = (
				4246FCED1D5B1F4200CB9199 /* Debug */,
				4246FCEE1D5B1F4200CB9199 /* Release */,
			);
			defaultConfigurationIsVisible = 0;
			defaultConfigurationName = Release;
		};
/* End XCConfigurationList section */
	};
	rootObject = 4246FCB61D5B1F4200CB9199 /* Project object */;
}
