// !$*UTF8*$!
{
	archiveVersion = 1;
	classes = {
	};
	objectVersion = 46;
	objects = {

/* Begin PBXBuildFile section */
		4246FCC21D5B1F4200CB9199 /* AppDelegate.swift in Sources */ = {isa = PBXBuildFile; fileRef = 4246FCC11D5B1F4200CB9199 /* AppDelegate.swift */; };
		4246FCC91D5B1F4200CB9199 /* Assets.xcassets in Resources */ = {isa = PBXBuildFile; fileRef = 4246FCC81D5B1F4200CB9199 /* Assets.xcassets */; };
		4246FCD71D5B1F4200CB9199 /* MedicalHelperTests.swift in Sources */ = {isa = PBXBuildFile; fileRef = 4246FCD61D5B1F4200CB9199 /* MedicalHelperTests.swift */; };
		4246FCE21D5B1F4200CB9199 /* MedicalHelperUITests.swift in Sources */ = {isa = PBXBuildFile; fileRef = 4246FCE11D5B1F4200CB9199 /* MedicalHelperUITests.swift */; };
		4246FCF71D5B259800CB9199 /* MainTabBarController.swift in Sources */ = {isa = PBXBuildFile; fileRef = 4246FCF61D5B259800CB9199 /* MainTabBarController.swift */; };
		4246FCF91D5B25AE00CB9199 /* MainNavigationController.swift in Sources */ = {isa = PBXBuildFile; fileRef = 4246FCF81D5B25AE00CB9199 /* MainNavigationController.swift */; };
		4246FCFB1D5B261E00CB9199 /* Common.swift in Sources */ = {isa = PBXBuildFile; fileRef = 4246FCFA1D5B261E00CB9199 /* Common.swift */; };
		4246FCFD1D5B27CE00CB9199 /* NewVersionTool.swift in Sources */ = {isa = PBXBuildFile; fileRef = 4246FCFC1D5B27CE00CB9199 /* NewVersionTool.swift */; };
		4246FD041D5B2A9A00CB9199 /* NewVersionViewController.swift in Sources */ = {isa = PBXBuildFile; fileRef = 4246FD021D5B2A9A00CB9199 /* NewVersionViewController.swift */; };
		4246FD051D5B2A9A00CB9199 /* NewVersionViewController.xib in Resources */ = {isa = PBXBuildFile; fileRef = 4246FD031D5B2A9A00CB9199 /* NewVersionViewController.xib */; };
		424C7B311D5C00CA00ED62CB /* HomeViewController.swift in Sources */ = {isa = PBXBuildFile; fileRef = 424C7B2F1D5C00CA00ED62CB /* HomeViewController.swift */; };
		424C7B321D5C00CA00ED62CB /* HomeViewController.xib in Resources */ = {isa = PBXBuildFile; fileRef = 424C7B301D5C00CA00ED62CB /* HomeViewController.xib */; };
		424C7B351D5C00D500ED62CB /* ProfileViewController.swift in Sources */ = {isa = PBXBuildFile; fileRef = 424C7B331D5C00D500ED62CB /* ProfileViewController.swift */; };
		424C7B361D5C00D500ED62CB /* ProfileViewController.xib in Resources */ = {isa = PBXBuildFile; fileRef = 424C7B341D5C00D500ED62CB /* ProfileViewController.xib */; };
		424C7B391D5C00E100ED62CB /* RankViewController.swift in Sources */ = {isa = PBXBuildFile; fileRef = 424C7B371D5C00E100ED62CB /* RankViewController.swift */; };
		424C7B3A1D5C00E100ED62CB /* RankViewController.xib in Resources */ = {isa = PBXBuildFile; fileRef = 424C7B381D5C00E100ED62CB /* RankViewController.xib */; };
		424C7B3D1D5C00EF00ED62CB /* OrderViewController.swift in Sources */ = {isa = PBXBuildFile; fileRef = 424C7B3B1D5C00EF00ED62CB /* OrderViewController.swift */; };
		424C7B3E1D5C00EF00ED62CB /* OrderViewController.xib in Resources */ = {isa = PBXBuildFile; fileRef = 424C7B3C1D5C00EF00ED62CB /* OrderViewController.xib */; };
		424C7B401D5C028500ED62CB /* UIColor+Category.swift in Sources */ = {isa = PBXBuildFile; fileRef = 424C7B3F1D5C028500ED62CB /* UIColor+Category.swift */; };
		424C7B421D5C0FB100ED62CB /* BaseViewController.swift in Sources */ = {isa = PBXBuildFile; fileRef = 424C7B411D5C0FB100ED62CB /* BaseViewController.swift */; };
		424E813D1D5DA96E002DFD95 /* HomeCarouselCell.swift in Sources */ = {isa = PBXBuildFile; fileRef = 424E81381D5DA96E002DFD95 /* HomeCarouselCell.swift */; };
		424E813E1D5DA96E002DFD95 /* HomeCarouselCell.xib in Resources */ = {isa = PBXBuildFile; fileRef = 424E81391D5DA96E002DFD95 /* HomeCarouselCell.xib */; };
		424E813F1D5DA96E002DFD95 /* HomeTableViewHeaderView.swift in Sources */ = {isa = PBXBuildFile; fileRef = 424E813C1D5DA96E002DFD95 /* HomeTableViewHeaderView.swift */; };
		424E81421D5DA9F5002DFD95 /* HotSectionExpertCell.swift in Sources */ = {isa = PBXBuildFile; fileRef = 424E81401D5DA9F5002DFD95 /* HotSectionExpertCell.swift */; };
		424E81431D5DA9F5002DFD95 /* HotSectionExpertCell.xib in Resources */ = {isa = PBXBuildFile; fileRef = 424E81411D5DA9F5002DFD95 /* HotSectionExpertCell.xib */; };
		424E81461D5DB6E5002DFD95 /* HotSectionExpertCollectionCell.swift in Sources */ = {isa = PBXBuildFile; fileRef = 424E81441D5DB6E5002DFD95 /* HotSectionExpertCollectionCell.swift */; };
		424E81471D5DB6E5002DFD95 /* HotSectionExpertCollectionCell.xib in Resources */ = {isa = PBXBuildFile; fileRef = 424E81451D5DB6E5002DFD95 /* HotSectionExpertCollectionCell.xib */; };
		424E81491D5DBEBF002DFD95 /* CustomAFHTTPSessionManager.swift in Sources */ = {isa = PBXBuildFile; fileRef = 424E81481D5DBEBF002DFD95 /* CustomAFHTTPSessionManager.swift */; };
		42DF9C4F1D5DC4E2007550B2 /* bridge.m in Sources */ = {isa = PBXBuildFile; fileRef = 42DF9C4E1D5DC4E2007550B2 /* bridge.m */; };
		50B2243A63CBE4834EAD26CC /* Pods_MedicalHelper.framework in Frameworks */ = {isa = PBXBuildFile; fileRef = 611AB5006DCB9452D5C576D1 /* Pods_MedicalHelper.framework */; };
/* End PBXBuildFile section */

/* Begin PBXContainerItemProxy section */
		4246FCD31D5B1F4200CB9199 /* PBXContainerItemProxy */ = {
			isa = PBXContainerItemProxy;
			containerPortal = 4246FCB61D5B1F4200CB9199 /* Project object */;
			proxyType = 1;
			remoteGlobalIDString = 4246FCBD1D5B1F4200CB9199;
			remoteInfo = MedicalHelper;
		};
		4246FCDE1D5B1F4200CB9199 /* PBXContainerItemProxy */ = {
			isa = PBXContainerItemProxy;
			containerPortal = 4246FCB61D5B1F4200CB9199 /* Project object */;
			proxyType = 1;
			remoteGlobalIDString = 4246FCBD1D5B1F4200CB9199;
			remoteInfo = MedicalHelper;
		};
/* End PBXContainerItemProxy section */

/* Begin PBXFileReference section */
		4246FCBE1D5B1F4200CB9199 /* MedicalHelper.app */ = {isa = PBXFileReference; explicitFileType = wrapper.application; includeInIndex = 0; path = MedicalHelper.app; sourceTree = BUILT_PRODUCTS_DIR; };
		4246FCC11D5B1F4200CB9199 /* AppDelegate.swift */ = {isa = PBXFileReference; lastKnownFileType = sourcecode.swift; path = AppDelegate.swift; sourceTree = "<group>"; };
		4246FCC81D5B1F4200CB9199 /* Assets.xcassets */ = {isa = PBXFileReference; lastKnownFileType = folder.assetcatalog; path = Assets.xcassets; sourceTree = "<group>"; };
		4246FCCD1D5B1F4200CB9199 /* Info.plist */ = {isa = PBXFileReference; lastKnownFileType = text.plist.xml; path = Info.plist; sourceTree = "<group>"; };
		4246FCD21D5B1F4200CB9199 /* MedicalHelperTests.xctest */ = {isa = PBXFileReference; explicitFileType = wrapper.cfbundle; includeInIndex = 0; path = MedicalHelperTests.xctest; sourceTree = BUILT_PRODUCTS_DIR; };
		4246FCD61D5B1F4200CB9199 /* MedicalHelperTests.swift */ = {isa = PBXFileReference; lastKnownFileType = sourcecode.swift; path = MedicalHelperTests.swift; sourceTree = "<group>"; };
		4246FCD81D5B1F4200CB9199 /* Info.plist */ = {isa = PBXFileReference; lastKnownFileType = text.plist.xml; path = Info.plist; sourceTree = "<group>"; };
		4246FCDD1D5B1F4200CB9199 /* MedicalHelperUITests.xctest */ = {isa = PBXFileReference; explicitFileType = wrapper.cfbundle; includeInIndex = 0; path = MedicalHelperUITests.xctest; sourceTree = BUILT_PRODUCTS_DIR; };
		4246FCE11D5B1F4200CB9199 /* MedicalHelperUITests.swift */ = {isa = PBXFileReference; lastKnownFileType = sourcecode.swift; path = MedicalHelperUITests.swift; sourceTree = "<group>"; };
		4246FCE31D5B1F4200CB9199 /* Info.plist */ = {isa = PBXFileReference; lastKnownFileType = text.plist.xml; path = Info.plist; sourceTree = "<group>"; };
		4246FCF61D5B259800CB9199 /* MainTabBarController.swift */ = {isa = PBXFileReference; fileEncoding = 4; lastKnownFileType = sourcecode.swift; path = MainTabBarController.swift; sourceTree = "<group>"; };
		4246FCF81D5B25AE00CB9199 /* MainNavigationController.swift */ = {isa = PBXFileReference; fileEncoding = 4; lastKnownFileType = sourcecode.swift; path = MainNavigationController.swift; sourceTree = "<group>"; };
		4246FCFA1D5B261E00CB9199 /* Common.swift */ = {isa = PBXFileReference; fileEncoding = 4; lastKnownFileType = sourcecode.swift; path = Common.swift; sourceTree = "<group>"; };
		4246FCFC1D5B27CE00CB9199 /* NewVersionTool.swift */ = {isa = PBXFileReference; fileEncoding = 4; lastKnownFileType = sourcecode.swift; path = NewVersionTool.swift; sourceTree = "<group>"; };
		4246FD021D5B2A9A00CB9199 /* NewVersionViewController.swift */ = {isa = PBXFileReference; fileEncoding = 4; lastKnownFileType = sourcecode.swift; path = NewVersionViewController.swift; sourceTree = "<group>"; };
		4246FD031D5B2A9A00CB9199 /* NewVersionViewController.xib */ = {isa = PBXFileReference; fileEncoding = 4; lastKnownFileType = file.xib; path = NewVersionViewController.xib; sourceTree = "<group>"; };
		424C7B2F1D5C00CA00ED62CB /* HomeViewController.swift */ = {isa = PBXFileReference; fileEncoding = 4; lastKnownFileType = sourcecode.swift; path = HomeViewController.swift; sourceTree = "<group>"; };
		424C7B301D5C00CA00ED62CB /* HomeViewController.xib */ = {isa = PBXFileReference; fileEncoding = 4; lastKnownFileType = file.xib; path = HomeViewController.xib; sourceTree = "<group>"; };
		424C7B331D5C00D500ED62CB /* ProfileViewController.swift */ = {isa = PBXFileReference; fileEncoding = 4; lastKnownFileType = sourcecode.swift; path = ProfileViewController.swift; sourceTree = "<group>"; };
		424C7B341D5C00D500ED62CB /* ProfileViewController.xib */ = {isa = PBXFileReference; fileEncoding = 4; lastKnownFileType = file.xib; path = ProfileViewController.xib; sourceTree = "<group>"; };
		424C7B371D5C00E100ED62CB /* RankViewController.swift */ = {isa = PBXFileReference; fileEncoding = 4; lastKnownFileType = sourcecode.swift; path = RankViewController.swift; sourceTree = "<group>"; };
		424C7B381D5C00E100ED62CB /* RankViewController.xib */ = {isa = PBXFileReference; fileEncoding = 4; lastKnownFileType = file.xib; path = RankViewController.xib; sourceTree = "<group>"; };
		424C7B3B1D5C00EF00ED62CB /* OrderViewController.swift */ = {isa = PBXFileReference; fileEncoding = 4; lastKnownFileType = sourcecode.swift; path = OrderViewController.swift; sourceTree = "<group>"; };
		424C7B3C1D5C00EF00ED62CB /* OrderViewController.xib */ = {isa = PBXFileReference; fileEncoding = 4; lastKnownFileType = file.xib; path = OrderViewController.xib; sourceTree = "<group>"; };
		424C7B3F1D5C028500ED62CB /* UIColor+Category.swift */ = {isa = PBXFileReference; fileEncoding = 4; lastKnownFileType = sourcecode.swift; path = "UIColor+Category.swift"; sourceTree = "<group>"; };
		424C7B411D5C0FB100ED62CB /* BaseViewController.swift */ = {isa = PBXFileReference; fileEncoding = 4; lastKnownFileType = sourcecode.swift; path = BaseViewController.swift; sourceTree = "<group>"; };
		424E81381D5DA96E002DFD95 /* HomeCarouselCell.swift */ = {isa = PBXFileReference; fileEncoding = 4; lastKnownFileType = sourcecode.swift; path = HomeCarouselCell.swift; sourceTree = "<group>"; };
		424E81391D5DA96E002DFD95 /* HomeCarouselCell.xib */ = {isa = PBXFileReference; fileEncoding = 4; lastKnownFileType = file.xib; path = HomeCarouselCell.xib; sourceTree = "<group>"; };
		424E813C1D5DA96E002DFD95 /* HomeTableViewHeaderView.swift */ = {isa = PBXFileReference; fileEncoding = 4; lastKnownFileType = sourcecode.swift; path = HomeTableViewHeaderView.swift; sourceTree = "<group>"; };
		424E81401D5DA9F5002DFD95 /* HotSectionExpertCell.swift */ = {isa = PBXFileReference; fileEncoding = 4; lastKnownFileType = sourcecode.swift; path = HotSectionExpertCell.swift; sourceTree = "<group>"; };
		424E81411D5DA9F5002DFD95 /* HotSectionExpertCell.xib */ = {isa = PBXFileReference; fileEncoding = 4; lastKnownFileType = file.xib; path = HotSectionExpertCell.xib; sourceTree = "<group>"; };
		424E81441D5DB6E5002DFD95 /* HotSectionExpertCollectionCell.swift */ = {isa = PBXFileReference; fileEncoding = 4; lastKnownFileType = sourcecode.swift; path = HotSectionExpertCollectionCell.swift; sourceTree = "<group>"; };
		424E81451D5DB6E5002DFD95 /* HotSectionExpertCollectionCell.xib */ = {isa = PBXFileReference; fileEncoding = 4; lastKnownFileType = file.xib; path = HotSectionExpertCollectionCell.xib; sourceTree = "<group>"; };
		424E81481D5DBEBF002DFD95 /* CustomAFHTTPSessionManager.swift */ = {isa = PBXFileReference; fileEncoding = 4; lastKnownFileType = sourcecode.swift; path = CustomAFHTTPSessionManager.swift; sourceTree = "<group>"; };
		42DF9C4D1D5DC4E2007550B2 /* MedicalHelper-Bridging-Header.h */ = {isa = PBXFileReference; lastKnownFileType = sourcecode.c.h; path = "MedicalHelper-Bridging-Header.h"; sourceTree = "<group>"; };
		42DF9C4E1D5DC4E2007550B2 /* bridge.m */ = {isa = PBXFileReference; fileEncoding = 4; lastKnownFileType = sourcecode.c.objc; path = bridge.m; sourceTree = "<group>"; };
		611AB5006DCB9452D5C576D1 /* Pods_MedicalHelper.framework */ = {isa = PBXFileReference; explicitFileType = wrapper.framework; includeInIndex = 0; path = Pods_MedicalHelper.framework; sourceTree = BUILT_PRODUCTS_DIR; };
		6CA96CAD2CDCC1A81A75C71B /* Pods-MedicalHelper.release.xcconfig */ = {isa = PBXFileReference; includeInIndex = 1; lastKnownFileType = text.xcconfig; name = "Pods-MedicalHelper.release.xcconfig"; path = "Pods/Target Support Files/Pods-MedicalHelper/Pods-MedicalHelper.release.xcconfig"; sourceTree = "<group>"; };
		8D0C69913ACBF41836CBB232 /* Pods-MedicalHelper.debug.xcconfig */ = {isa = PBXFileReference; includeInIndex = 1; lastKnownFileType = text.xcconfig; name = "Pods-MedicalHelper.debug.xcconfig"; path = "Pods/Target Support Files/Pods-MedicalHelper/Pods-MedicalHelper.debug.xcconfig"; sourceTree = "<group>"; };
/* End PBXFileReference section */

/* Begin PBXFrameworksBuildPhase section */
		4246FCBB1D5B1F4200CB9199 /* Frameworks */ = {
			isa = PBXFrameworksBuildPhase;
			buildActionMask = 2147483647;
			files = (
				50B2243A63CBE4834EAD26CC /* Pods_MedicalHelper.framework in Frameworks */,
			);
			runOnlyForDeploymentPostprocessing = 0;
		};
		4246FCCF1D5B1F4200CB9199 /* Frameworks */ = {
			isa = PBXFrameworksBuildPhase;
			buildActionMask = 2147483647;
			files = (
			);
			runOnlyForDeploymentPostprocessing = 0;
		};
		4246FCDA1D5B1F4200CB9199 /* Frameworks */ = {
			isa = PBXFrameworksBuildPhase;
			buildActionMask = 2147483647;
			files = (
			);
			runOnlyForDeploymentPostprocessing = 0;
		};
/* End PBXFrameworksBuildPhase section */

/* Begin PBXGroup section */
		4229CE0F1D5C4D530086B035 /* HomeCell */ = {
			isa = PBXGroup;
			children = (
				424E81351D5DA96E002DFD95 /* FiveCell(专家访谈) */,
				424E81361D5DA96E002DFD95 /* FourCell(热门科室) */,
				424E81371D5DA96E002DFD95 /* OneCell(轮播图) */,
				424E813A1D5DA96E002DFD95 /* ThreeCell(热门科室专家) */,
				424E813B1D5DA96E002DFD95 /* TwoCell(找医院) */,
			);
			path = HomeCell;
			sourceTree = "<group>";
		};
		4246FCB51D5B1F4200CB9199 = {
			isa = PBXGroup;
			children = (
				4246FCC01D5B1F4200CB9199 /* MedicalHelper */,
				4246FCD51D5B1F4200CB9199 /* MedicalHelperTests */,
				4246FCE01D5B1F4200CB9199 /* MedicalHelperUITests */,
				4246FCBF1D5B1F4200CB9199 /* Products */,
				A9A2A54BC6FB255BFA5058B5 /* Pods */,
				606B657B7A7F72E14F3ADE8C /* Frameworks */,
			);
			sourceTree = "<group>";
		};
		4246FCBF1D5B1F4200CB9199 /* Products */ = {
			isa = PBXGroup;
			children = (
				4246FCBE1D5B1F4200CB9199 /* MedicalHelper.app */,
				4246FCD21D5B1F4200CB9199 /* MedicalHelperTests.xctest */,
				4246FCDD1D5B1F4200CB9199 /* MedicalHelperUITests.xctest */,
			);
			name = Products;
			sourceTree = "<group>";
		};
		4246FCC01D5B1F4200CB9199 /* MedicalHelper */ = {
			isa = PBXGroup;
			children = (
				4246FCC11D5B1F4200CB9199 /* AppDelegate.swift */,
				4246FCEF1D5B256000CB9199 /* Common */,
				4246FCF01D5B256000CB9199 /* Home */,
				4246FCF11D5B256000CB9199 /* Main */,
				4246FCF21D5B256000CB9199 /* Order */,
				4246FCF31D5B256000CB9199 /* Profile */,
				4246FCF41D5B256000CB9199 /* Rank */,
				4246FCF51D5B256000CB9199 /* Tool */,
				4246FCC81D5B1F4200CB9199 /* Assets.xcassets */,
				4246FCCD1D5B1F4200CB9199 /* Info.plist */,
			);
			path = MedicalHelper;
			sourceTree = "<group>";
		};
		4246FCD51D5B1F4200CB9199 /* MedicalHelperTests */ = {
			isa = PBXGroup;
			children = (
				4246FCD61D5B1F4200CB9199 /* MedicalHelperTests.swift */,
				4246FCD81D5B1F4200CB9199 /* Info.plist */,
			);
			path = MedicalHelperTests;
			sourceTree = "<group>";
		};
		4246FCE01D5B1F4200CB9199 /* MedicalHelperUITests */ = {
			isa = PBXGroup;
			children = (
				4246FCE11D5B1F4200CB9199 /* MedicalHelperUITests.swift */,
				4246FCE31D5B1F4200CB9199 /* Info.plist */,
			);
			path = MedicalHelperUITests;
			sourceTree = "<group>";
		};
		4246FCEF1D5B256000CB9199 /* Common */ = {
			isa = PBXGroup;
			children = (
			);
			name = Common;
			path = Classes/Common;
			sourceTree = "<group>";
		};
		4246FCF01D5B256000CB9199 /* Home */ = {
			isa = PBXGroup;
			children = (
				4229CE0F1D5C4D530086B035 /* HomeCell */,
				424C7B2F1D5C00CA00ED62CB /* HomeViewController.swift */,
				424C7B301D5C00CA00ED62CB /* HomeViewController.xib */,
			);
			name = Home;
			path = Classes/Home;
			sourceTree = "<group>";
		};
		4246FCF11D5B256000CB9199 /* Main */ = {
			isa = PBXGroup;
			children = (
				4246FCF61D5B259800CB9199 /* MainTabBarController.swift */,
				4246FCF81D5B25AE00CB9199 /* MainNavigationController.swift */,
				4246FD021D5B2A9A00CB9199 /* NewVersionViewController.swift */,
				4246FD031D5B2A9A00CB9199 /* NewVersionViewController.xib */,
				424C7B411D5C0FB100ED62CB /* BaseViewController.swift */,
			);
			name = Main;
			path = Classes/Main;
			sourceTree = "<group>";
		};
		4246FCF21D5B256000CB9199 /* Order */ = {
			isa = PBXGroup;
			children = (
				424C7B3B1D5C00EF00ED62CB /* OrderViewController.swift */,
				424C7B3C1D5C00EF00ED62CB /* OrderViewController.xib */,
			);
			name = Order;
			path = Classes/Order;
			sourceTree = "<group>";
		};
		4246FCF31D5B256000CB9199 /* Profile */ = {
			isa = PBXGroup;
			children = (
				424C7B331D5C00D500ED62CB /* ProfileViewController.swift */,
				424C7B341D5C00D500ED62CB /* ProfileViewController.xib */,
			);
			name = Profile;
			path = Classes/Profile;
			sourceTree = "<group>";
		};
		4246FCF41D5B256000CB9199 /* Rank */ = {
			isa = PBXGroup;
			children = (
				424C7B371D5C00E100ED62CB /* RankViewController.swift */,
				424C7B381D5C00E100ED62CB /* RankViewController.xib */,
			);
			name = Rank;
			path = Classes/Rank;
			sourceTree = "<group>";
		};
		4246FCF51D5B256000CB9199 /* Tool */ = {
			isa = PBXGroup;
			children = (
				4246FCFA1D5B261E00CB9199 /* Common.swift */,
				4246FCFC1D5B27CE00CB9199 /* NewVersionTool.swift */,
				424C7B3F1D5C028500ED62CB /* UIColor+Category.swift */,
				424E81481D5DBEBF002DFD95 /* CustomAFHTTPSessionManager.swift */,
				42DF9C4E1D5DC4E2007550B2 /* bridge.m */,
				42DF9C4D1D5DC4E2007550B2 /* MedicalHelper-Bridging-Header.h */,
			);
			name = Tool;
			path = Classes/Tool;
			sourceTree = "<group>";
		};
		424E81351D5DA96E002DFD95 /* FiveCell(专家访谈) */ = {
			isa = PBXGroup;
			children = (
			);
			path = "FiveCell(专家访谈)";
			sourceTree = "<group>";
		};
		424E81361D5DA96E002DFD95 /* FourCell(热门科室) */ = {
			isa = PBXGroup;
			children = (
			);
			path = "FourCell(热门科室)";
			sourceTree = "<group>";
		};
		424E81371D5DA96E002DFD95 /* OneCell(轮播图) */ = {
			isa = PBXGroup;
			children = (
				424E81381D5DA96E002DFD95 /* HomeCarouselCell.swift */,
				424E81391D5DA96E002DFD95 /* HomeCarouselCell.xib */,
			);
			path = "OneCell(轮播图)";
			sourceTree = "<group>";
		};
		424E813A1D5DA96E002DFD95 /* ThreeCell(热门科室专家) */ = {
			isa = PBXGroup;
			children = (
				424E81401D5DA9F5002DFD95 /* HotSectionExpertCell.swift */,
				424E81411D5DA9F5002DFD95 /* HotSectionExpertCell.xib */,
				424E81441D5DB6E5002DFD95 /* HotSectionExpertCollectionCell.swift */,
				424E81451D5DB6E5002DFD95 /* HotSectionExpertCollectionCell.xib */,
			);
			path = "ThreeCell(热门科室专家)";
			sourceTree = "<group>";
		};
		424E813B1D5DA96E002DFD95 /* TwoCell(找医院) */ = {
			isa = PBXGroup;
			children = (
				424E813C1D5DA96E002DFD95 /* HomeTableViewHeaderView.swift */,
			);
			path = "TwoCell(找医院)";
			sourceTree = "<group>";
		};
		606B657B7A7F72E14F3ADE8C /* Frameworks */ = {
			isa = PBXGroup;
			children = (
				611AB5006DCB9452D5C576D1 /* Pods_MedicalHelper.framework */,
			);
			name = Frameworks;
			sourceTree = "<group>";
		};
		A9A2A54BC6FB255BFA5058B5 /* Pods */ = {
			isa = PBXGroup;
			children = (
				8D0C69913ACBF41836CBB232 /* Pods-MedicalHelper.debug.xcconfig */,
				6CA96CAD2CDCC1A81A75C71B /* Pods-MedicalHelper.release.xcconfig */,
			);
			name = Pods;
			sourceTree = "<group>";
		};
/* End PBXGroup section */

/* Begin PBXNativeTarget section */
		4246FCBD1D5B1F4200CB9199 /* MedicalHelper */ = {
			isa = PBXNativeTarget;
			buildConfigurationList = 4246FCE61D5B1F4200CB9199 /* Build configuration list for PBXNativeTarget "MedicalHelper" */;
			buildPhases = (
				F3E03AD5428DEA44C4A531F4 /* [CP] Check Pods Manifest.lock */,
				4246FCBA1D5B1F4200CB9199 /* Sources */,
				4246FCBB1D5B1F4200CB9199 /* Frameworks */,
				4246FCBC1D5B1F4200CB9199 /* Resources */,
				3E4FEB3FA8B56E14D8063534 /* [CP] Embed Pods Frameworks */,
				E0EE98B5A1DF3EFD15D6F01A /* [CP] Copy Pods Resources */,
			);
			buildRules = (
			);
			dependencies = (
			);
			name = MedicalHelper;
			productName = MedicalHelper;
			productReference = 4246FCBE1D5B1F4200CB9199 /* MedicalHelper.app */;
			productType = "com.apple.product-type.application";
		};
		4246FCD11D5B1F4200CB9199 /* MedicalHelperTests */ = {
			isa = PBXNativeTarget;
			buildConfigurationList = 4246FCE91D5B1F4200CB9199 /* Build configuration list for PBXNativeTarget "MedicalHelperTests" */;
			buildPhases = (
				4246FCCE1D5B1F4200CB9199 /* Sources */,
				4246FCCF1D5B1F4200CB9199 /* Frameworks */,
				4246FCD01D5B1F4200CB9199 /* Resources */,
			);
			buildRules = (
			);
			dependencies = (
				4246FCD41D5B1F4200CB9199 /* PBXTargetDependency */,
			);
			name = MedicalHelperTests;
			productName = MedicalHelperTests;
			productReference = 4246FCD21D5B1F4200CB9199 /* MedicalHelperTests.xctest */;
			productType = "com.apple.product-type.bundle.unit-test";
		};
		4246FCDC1D5B1F4200CB9199 /* MedicalHelperUITests */ = {
			isa = PBXNativeTarget;
			buildConfigurationList = 4246FCEC1D5B1F4200CB9199 /* Build configuration list for PBXNativeTarget "MedicalHelperUITests" */;
			buildPhases = (
				4246FCD91D5B1F4200CB9199 /* Sources */,
				4246FCDA1D5B1F4200CB9199 /* Frameworks */,
				4246FCDB1D5B1F4200CB9199 /* Resources */,
			);
			buildRules = (
			);
			dependencies = (
				4246FCDF1D5B1F4200CB9199 /* PBXTargetDependency */,
			);
			name = MedicalHelperUITests;
			productName = MedicalHelperUITests;
			productReference = 4246FCDD1D5B1F4200CB9199 /* MedicalHelperUITests.xctest */;
			productType = "com.apple.product-type.bundle.ui-testing";
		};
/* End PBXNativeTarget section */

/* Begin PBXProject section */
		4246FCB61D5B1F4200CB9199 /* Project object */ = {
			isa = PBXProject;
			attributes = {
				LastSwiftUpdateCheck = 0730;
				LastUpgradeCheck = 0730;
				ORGANIZATIONNAME = J;
				TargetAttributes = {
					4246FCBD1D5B1F4200CB9199 = {
						CreatedOnToolsVersion = 7.3;
					};
					4246FCD11D5B1F4200CB9199 = {
						CreatedOnToolsVersion = 7.3;
						TestTargetID = 4246FCBD1D5B1F4200CB9199;
					};
					4246FCDC1D5B1F4200CB9199 = {
						CreatedOnToolsVersion = 7.3;
						TestTargetID = 4246FCBD1D5B1F4200CB9199;
					};
				};
			};
			buildConfigurationList = 4246FCB91D5B1F4200CB9199 /* Build configuration list for PBXProject "MedicalHelper" */;
			compatibilityVersion = "Xcode 3.2";
			developmentRegion = English;
			hasScannedForEncodings = 0;
			knownRegions = (
				en,
				Base,
			);
			mainGroup = 4246FCB51D5B1F4200CB9199;
			productRefGroup = 4246FCBF1D5B1F4200CB9199 /* Products */;
			projectDirPath = "";
			projectRoot = "";
			targets = (
				4246FCBD1D5B1F4200CB9199 /* MedicalHelper */,
				4246FCD11D5B1F4200CB9199 /* MedicalHelperTests */,
				4246FCDC1D5B1F4200CB9199 /* MedicalHelperUITests */,
			);
		};
/* End PBXProject section */

/* Begin PBXResourcesBuildPhase section */
		4246FCBC1D5B1F4200CB9199 /* Resources */ = {
			isa = PBXResourcesBuildPhase;
			buildActionMask = 2147483647;
			files = (
				424E813E1D5DA96E002DFD95 /* HomeCarouselCell.xib in Resources */,
				424E81431D5DA9F5002DFD95 /* HotSectionExpertCell.xib in Resources */,
				4246FD051D5B2A9A00CB9199 /* NewVersionViewController.xib in Resources */,
				424C7B3E1D5C00EF00ED62CB /* OrderViewController.xib in Resources */,
				424C7B3A1D5C00E100ED62CB /* RankViewController.xib in Resources */,
				4246FCC91D5B1F4200CB9199 /* Assets.xcassets in Resources */,
				424E81471D5DB6E5002DFD95 /* HotSectionExpertCollectionCell.xib in Resources */,
				424C7B361D5C00D500ED62CB /* ProfileViewController.xib in Resources */,
				424C7B321D5C00CA00ED62CB /* HomeViewController.xib in Resources */,
			);
			runOnlyForDeploymentPostprocessing = 0;
		};
		4246FCD01D5B1F4200CB9199 /* Resources */ = {
			isa = PBXResourcesBuildPhase;
			buildActionMask = 2147483647;
			files = (
			);
			runOnlyForDeploymentPostprocessing = 0;
		};
		4246FCDB1D5B1F4200CB9199 /* Resources */ = {
			isa = PBXResourcesBuildPhase;
			buildActionMask = 2147483647;
			files = (
			);
			runOnlyForDeploymentPostprocessing = 0;
		};
/* End PBXResourcesBuildPhase section */

/* Begin PBXShellScriptBuildPhase section */
		3E4FEB3FA8B56E14D8063534 /* [CP] Embed Pods Frameworks */ = {
			isa = PBXShellScriptBuildPhase;
			buildActionMask = 2147483647;
			files = (
			);
			inputPaths = (
			);
			name = "[CP] Embed Pods Frameworks";
			outputPaths = (
			);
			runOnlyForDeploymentPostprocessing = 0;
			shellPath = /bin/sh;
			shellScript = "\"${SRCROOT}/Pods/Target Support Files/Pods-MedicalHelper/Pods-MedicalHelper-frameworks.sh\"\n";
			showEnvVarsInLog = 0;
		};
		E0EE98B5A1DF3EFD15D6F01A /* [CP] Copy Pods Resources */ = {
			isa = PBXShellScriptBuildPhase;
			buildActionMask = 2147483647;
			files = (
			);
			inputPaths = (
			);
			name = "[CP] Copy Pods Resources";
			outputPaths = (
			);
			runOnlyForDeploymentPostprocessing = 0;
			shellPath = /bin/sh;
			shellScript = "\"${SRCROOT}/Pods/Target Support Files/Pods-MedicalHelper/Pods-MedicalHelper-resources.sh\"\n";
			showEnvVarsInLog = 0;
		};
		F3E03AD5428DEA44C4A531F4 /* [CP] Check Pods Manifest.lock */ = {
			isa = PBXShellScriptBuildPhase;
			buildActionMask = 2147483647;
			files = (
			);
			inputPaths = (
			);
			name = "[CP] Check Pods Manifest.lock";
			outputPaths = (
			);
			runOnlyForDeploymentPostprocessing = 0;
			shellPath = /bin/sh;
			shellScript = "diff \"${PODS_ROOT}/../Podfile.lock\" \"${PODS_ROOT}/Manifest.lock\" > /dev/null\nif [[ $? != 0 ]] ; then\n    cat << EOM\nerror: The sandbox is not in sync with the Podfile.lock. Run 'pod install' or update your CocoaPods installation.\nEOM\n    exit 1\nfi\n";
			showEnvVarsInLog = 0;
		};
/* End PBXShellScriptBuildPhase section */

/* Begin PBXSourcesBuildPhase section */
		4246FCBA1D5B1F4200CB9199 /* Sources */ = {
			isa = PBXSourcesBuildPhase;
			buildActionMask = 2147483647;
			files = (
				4246FD041D5B2A9A00CB9199 /* NewVersionViewController.swift in Sources */,
				424C7B3D1D5C00EF00ED62CB /* OrderViewController.swift in Sources */,
				424E813D1D5DA96E002DFD95 /* HomeCarouselCell.swift in Sources */,
				424E81461D5DB6E5002DFD95 /* HotSectionExpertCollectionCell.swift in Sources */,
				4246FCFB1D5B261E00CB9199 /* Common.swift in Sources */,
				424C7B391D5C00E100ED62CB /* RankViewController.swift in Sources */,
				424E81491D5DBEBF002DFD95 /* CustomAFHTTPSessionManager.swift in Sources */,
				4246FCFD1D5B27CE00CB9199 /* NewVersionTool.swift in Sources */,
				424C7B421D5C0FB100ED62CB /* BaseViewController.swift in Sources */,
				4246FCF91D5B25AE00CB9199 /* MainNavigationController.swift in Sources */,
				4246FCF71D5B259800CB9199 /* MainTabBarController.swift in Sources */,
				424C7B311D5C00CA00ED62CB /* HomeViewController.swift in Sources */,
				42DF9C4F1D5DC4E2007550B2 /* bridge.m in Sources */,
				424E813F1D5DA96E002DFD95 /* HomeTableViewHeaderView.swift in Sources */,
				424C7B401D5C028500ED62CB /* UIColor+Category.swift in Sources */,
				424E81421D5DA9F5002DFD95 /* HotSectionExpertCell.swift in Sources */,
				424C7B351D5C00D500ED62CB /* ProfileViewController.swift in Sources */,
				4246FCC21D5B1F4200CB9199 /* AppDelegate.swift in Sources */,
			);
			runOnlyForDeploymentPostprocessing = 0;
		};
		4246FCCE1D5B1F4200CB9199 /* Sources */ = {
			isa = PBXSourcesBuildPhase;
			buildActionMask = 2147483647;
			files = (
				4246FCD71D5B1F4200CB9199 /* MedicalHelperTests.swift in Sources */,
			);
			runOnlyForDeploymentPostprocessing = 0;
		};
		4246FCD91D5B1F4200CB9199 /* Sources */ = {
			isa = PBXSourcesBuildPhase;
			buildActionMask = 2147483647;
			files = (
				4246FCE21D5B1F4200CB9199 /* MedicalHelperUITests.swift in Sources */,
			);
			runOnlyForDeploymentPostprocessing = 0;
		};
/* End PBXSourcesBuildPhase section */

/* Begin PBXTargetDependency section */
		4246FCD41D5B1F4200CB9199 /* PBXTargetDependency */ = {
			isa = PBXTargetDependency;
			target = 4246FCBD1D5B1F4200CB9199 /* MedicalHelper */;
			targetProxy = 4246FCD31D5B1F4200CB9199 /* PBXContainerItemProxy */;
		};
		4246FCDF1D5B1F4200CB9199 /* PBXTargetDependency */ = {
			isa = PBXTargetDependency;
			target = 4246FCBD1D5B1F4200CB9199 /* MedicalHelper */;
			targetProxy = 4246FCDE1D5B1F4200CB9199 /* PBXContainerItemProxy */;
		};
/* End PBXTargetDependency section */

/* Begin XCBuildConfiguration section */
		4246FCE41D5B1F4200CB9199 /* Debug */ = {
			isa = XCBuildConfiguration;
			buildSettings = {
				ALWAYS_SEARCH_USER_PATHS = NO;
				CLANG_ANALYZER_NONNULL = YES;
				CLANG_CXX_LANGUAGE_STANDARD = "gnu++0x";
				CLANG_CXX_LIBRARY = "libc++";
				CLANG_ENABLE_MODULES = YES;
				CLANG_ENABLE_OBJC_ARC = YES;
				CLANG_WARN_BOOL_CONVERSION = YES;
				CLANG_WARN_CONSTANT_CONVERSION = YES;
				CLANG_WARN_DIRECT_OBJC_ISA_USAGE = YES_ERROR;
				CLANG_WARN_EMPTY_BODY = YES;
				CLANG_WARN_ENUM_CONVERSION = YES;
				CLANG_WARN_INT_CONVERSION = YES;
				CLANG_WARN_OBJC_ROOT_CLASS = YES_ERROR;
				CLANG_WARN_UNREACHABLE_CODE = YES;
				CLANG_WARN__DUPLICATE_METHOD_MATCH = YES;
				"CODE_SIGN_IDENTITY[sdk=iphoneos*]" = "iPhone Developer";
				COPY_PHASE_STRIP = NO;
				DEBUG_INFORMATION_FORMAT = dwarf;
				ENABLE_STRICT_OBJC_MSGSEND = YES;
				ENABLE_TESTABILITY = YES;
				GCC_C_LANGUAGE_STANDARD = gnu99;
				GCC_DYNAMIC_NO_PIC = NO;
				GCC_NO_COMMON_BLOCKS = YES;
				GCC_OPTIMIZATION_LEVEL = 0;
				GCC_PREPROCESSOR_DEFINITIONS = (
					"DEBUG=1",
					"$(inherited)",
				);
				GCC_WARN_64_TO_32_BIT_CONVERSION = YES;
				GCC_WARN_ABOUT_RETURN_TYPE = YES_ERROR;
				GCC_WARN_UNDECLARED_SELECTOR = YES;
				GCC_WARN_UNINITIALIZED_AUTOS = YES_AGGRESSIVE;
				GCC_WARN_UNUSED_FUNCTION = YES;
				GCC_WARN_UNUSED_VARIABLE = YES;
				IPHONEOS_DEPLOYMENT_TARGET = 9.3;
				MTL_ENABLE_DEBUG_INFO = YES;
				ONLY_ACTIVE_ARCH = YES;
				SDKROOT = iphoneos;
				SWIFT_OPTIMIZATION_LEVEL = "-Onone";
			};
			name = Debug;
		};
		4246FCE51D5B1F4200CB9199 /* Release */ = {
			isa = XCBuildConfiguration;
			buildSettings = {
				ALWAYS_SEARCH_USER_PATHS = NO;
				CLANG_ANALYZER_NONNULL = YES;
				CLANG_CXX_LANGUAGE_STANDARD = "gnu++0x";
				CLANG_CXX_LIBRARY = "libc++";
				CLANG_ENABLE_MODULES = YES;
				CLANG_ENABLE_OBJC_ARC = YES;
				CLANG_WARN_BOOL_CONVERSION = YES;
				CLANG_WARN_CONSTANT_CONVERSION = YES;
				CLANG_WARN_DIRECT_OBJC_ISA_USAGE = YES_ERROR;
				CLANG_WARN_EMPTY_BODY = YES;
				CLANG_WARN_ENUM_CONVERSION = YES;
				CLANG_WARN_INT_CONVERSION = YES;
				CLANG_WARN_OBJC_ROOT_CLASS = YES_ERROR;
				CLANG_WARN_UNREACHABLE_CODE = YES;
				CLANG_WARN__DUPLICATE_METHOD_MATCH = YES;
				"CODE_SIGN_IDENTITY[sdk=iphoneos*]" = "iPhone Developer";
				COPY_PHASE_STRIP = NO;
				DEBUG_INFORMATION_FORMAT = "dwarf-with-dsym";
				ENABLE_NS_ASSERTIONS = NO;
				ENABLE_STRICT_OBJC_MSGSEND = YES;
				GCC_C_LANGUAGE_STANDARD = gnu99;
				GCC_NO_COMMON_BLOCKS = YES;
				GCC_WARN_64_TO_32_BIT_CONVERSION = YES;
				GCC_WARN_ABOUT_RETURN_TYPE = YES_ERROR;
				GCC_WARN_UNDECLARED_SELECTOR = YES;
				GCC_WARN_UNINITIALIZED_AUTOS = YES_AGGRESSIVE;
				GCC_WARN_UNUSED_FUNCTION = YES;
				GCC_WARN_UNUSED_VARIABLE = YES;
				IPHONEOS_DEPLOYMENT_TARGET = 9.3;
				MTL_ENABLE_DEBUG_INFO = NO;
				SDKROOT = iphoneos;
				VALIDATE_PRODUCT = YES;
			};
			name = Release;
		};
		4246FCE71D5B1F4200CB9199 /* Debug */ = {
			isa = XCBuildConfiguration;
			baseConfigurationReference = 8D0C69913ACBF41836CBB232 /* Pods-MedicalHelper.debug.xcconfig */;
			buildSettings = {
				ASSETCATALOG_COMPILER_APPICON_NAME = AppIcon;
				ASSETCATALOG_COMPILER_LAUNCHIMAGE_NAME = LaunchImage;
				CLANG_ENABLE_MODULES = YES;
				INFOPLIST_FILE = MedicalHelper/Info.plist;
				IPHONEOS_DEPLOYMENT_TARGET = 8.0;
				LD_RUNPATH_SEARCH_PATHS = "$(inherited) @executable_path/Frameworks";
				PRODUCT_BUNDLE_IDENTIFIER = joe.MedicalHelper;
				PRODUCT_NAME = "$(TARGET_NAME)";
				SWIFT_OBJC_BRIDGING_HEADER = "MedicalHelper/Classes/Tool/MedicalHelper-Bridging-Header.h";
				SWIFT_OPTIMIZATION_LEVEL = "-Onone";
				TARGETED_DEVICE_FAMILY = 1;
			};
			name = Debug;
		};
		4246FCE81D5B1F4200CB9199 /* Release */ = {
			isa = XCBuildConfiguration;
			baseConfigurationReference = 6CA96CAD2CDCC1A81A75C71B /* Pods-MedicalHelper.release.xcconfig */;
			buildSettings = {
				ASSETCATALOG_COMPILER_APPICON_NAME = AppIcon;
				ASSETCATALOG_COMPILER_LAUNCHIMAGE_NAME = LaunchImage;
				CLANG_ENABLE_MODULES = YES;
				INFOPLIST_FILE = MedicalHelper/Info.plist;
				IPHONEOS_DEPLOYMENT_TARGET = 8.0;
				LD_RUNPATH_SEARCH_PATHS = "$(inherited) @executable_path/Frameworks";
				PRODUCT_BUNDLE_IDENTIFIER = joe.MedicalHelper;
				PRODUCT_NAME = "$(TARGET_NAME)";
				SWIFT_OBJC_BRIDGING_HEADER = "MedicalHelper/Classes/Tool/MedicalHelper-Bridging-Header.h";
				TARGETED_DEVICE_FAMILY = 1;
			};
			name = Release;
		};
		4246FCEA1D5B1F4200CB9199 /* Debug */ = {
			isa = XCBuildConfiguration;
			buildSettings = {
				BUNDLE_LOADER = "$(TEST_HOST)";
				INFOPLIST_FILE = MedicalHelperTests/Info.plist;
				LD_RUNPATH_SEARCH_PATHS = "$(inherited) @executable_path/Frameworks @loader_path/Frameworks";
				PRODUCT_BUNDLE_IDENTIFIER = joe.MedicalHelperTests;
				PRODUCT_NAME = "$(TARGET_NAME)";
				TEST_HOST = "$(BUILT_PRODUCTS_DIR)/MedicalHelper.app/MedicalHelper";
			};
			name = Debug;
		};
		4246FCEB1D5B1F4200CB9199 /* Release */ = {
			isa = XCBuildConfiguration;
			buildSettings = {
				BUNDLE_LOADER = "$(TEST_HOST)";
				INFOPLIST_FILE = MedicalHelperTests/Info.plist;
				LD_RUNPATH_SEARCH_PATHS = "$(inherited) @executable_path/Frameworks @loader_path/Frameworks";
				PRODUCT_BUNDLE_IDENTIFIER = joe.MedicalHelperTests;
				PRODUCT_NAME = "$(TARGET_NAME)";
				TEST_HOST = "$(BUILT_PRODUCTS_DIR)/MedicalHelper.app/MedicalHelper";
			};
			name = Release;
		};
		4246FCED1D5B1F4200CB9199 /* Debug */ = {
			isa = XCBuildConfiguration;
			buildSettings = {
				INFOPLIST_FILE = MedicalHelperUITests/Info.plist;
				LD_RUNPATH_SEARCH_PATHS = "$(inherited) @executable_path/Frameworks @loader_path/Frameworks";
				PRODUCT_BUNDLE_IDENTIFIER = joe.MedicalHelperUITests;
				PRODUCT_NAME = "$(TARGET_NAME)";
				TEST_TARGET_NAME = MedicalHelper;
			};
			name = Debug;
		};
		4246FCEE1D5B1F4200CB9199 /* Release */ = {
			isa = XCBuildConfiguration;
			buildSettings = {
				INFOPLIST_FILE = MedicalHelperUITests/Info.plist;
				LD_RUNPATH_SEARCH_PATHS = "$(inherited) @executable_path/Frameworks @loader_path/Frameworks";
				PRODUCT_BUNDLE_IDENTIFIER = joe.MedicalHelperUITests;
				PRODUCT_NAME = "$(TARGET_NAME)";
				TEST_TARGET_NAME = MedicalHelper;
			};
			name = Release;
		};
/* End XCBuildConfiguration section */

/* Begin XCConfigurationList section */
		4246FCB91D5B1F4200CB9199 /* Build configuration list for PBXProject "MedicalHelper" */ = {
			isa = XCConfigurationList;
			buildConfigurations = (
				4246FCE41D5B1F4200CB9199 /* Debug */,
				4246FCE51D5B1F4200CB9199 /* Release */,
			);
			defaultConfigurationIsVisible = 0;
			defaultConfigurationName = Release;
		};
		4246FCE61D5B1F4200CB9199 /* Build configuration list for PBXNativeTarget "MedicalHelper" */ = {
			isa = XCConfigurationList;
			buildConfigurations = (
				4246FCE71D5B1F4200CB9199 /* Debug */,
				4246FCE81D5B1F4200CB9199 /* Release */,
			);
			defaultConfigurationIsVisible = 0;
			defaultConfigurationName = Release;
		};
		4246FCE91D5B1F4200CB9199 /* Build configuration list for PBXNativeTarget "MedicalHelperTests" */ = {
			isa = XCConfigurationList;
			buildConfigurations = (
				4246FCEA1D5B1F4200CB9199 /* Debug */,
				4246FCEB1D5B1F4200CB9199 /* Release */,
			);
			defaultConfigurationIsVisible = 0;
			defaultConfigurationName = Release;
		};
		4246FCEC1D5B1F4200CB9199 /* Build configuration list for PBXNativeTarget "MedicalHelperUITests" */ = {
			isa = XCConfigurationList;
			buildConfigurations = (
				4246FCED1D5B1F4200CB9199 /* Debug */,
				4246FCEE1D5B1F4200CB9199 /* Release */,
			);
			defaultConfigurationIsVisible = 0;
			defaultConfigurationName = Release;
		};
/* End XCConfigurationList section */
	};
	rootObject = 4246FCB61D5B1F4200CB9199 /* Project object */;
}
